<?xml version="1.0" encoding="utf-8"?>
<Project ToolsVersion="4.0" xmlns="http://schemas.microsoft.com/developer/msbuild/2003">
  <ItemGroup>
    <Filter Include="Source Files">
      <UniqueIdentifier>{4FC737F1-C7A5-4376-A066-2A32D752A2FF}</UniqueIdentifier>
      <Extensions>cpp;c;cc;cxx;def;odl;idl;hpj;bat;asm;asmx</Extensions>
    </Filter>
    <Filter Include="Header Files">
      <UniqueIdentifier>{93995380-89BD-4b04-88EB-625FBE52EBFB}</UniqueIdentifier>
      <Extensions>h;hpp;hxx;hm;inl;inc;xsd</Extensions>
    </Filter>
    <Filter Include="Resource Files">
      <UniqueIdentifier>{67DA6AB6-F800-4c08-8B7A-83BB121AAD01}</UniqueIdentifier>
      <Extensions>rc;ico;cur;bmp;dlg;rc2;rct;bin;rgs;gif;jpg;jpeg;jpe;resx;tiff;tif;png;wav;mfcribbon-ms</Extensions>
    </Filter>
  </ItemGroup>
  <ItemGroup>
    <ClCompile Include="..\NKAddress.cpp">
      <Filter>Source Files</Filter>
    </ClCompile>
    <ClCompile Include="..\NKBase64.cpp">
      <Filter>Source Files</Filter>
    </ClCompile>
    <ClCompile Include="..\NKComponent.cpp">
      <Filter>Source Files</Filter>
    </ClCompile>
    <ClCompile Include="..\NKDatabase_SQLite.cpp">
      <Filter>Source Files</Filter>
    </ClCompile>
    <ClCompile Include="..\NKEndpoint.cpp">
      <Filter>Source Files</Filter>
    </ClCompile>
    <ClCompile Include="..\NKError.cpp">
      <Filter>Source Files</Filter>
    </ClCompile>
    <ClCompile Include="..\NKHTTP.cpp">
      <Filter>Source Files</Filter>
    </ClCompile>
    <ClCompile Include="..\NKJSON.cpp">
      <Filter>Source Files</Filter>
    </ClCompile>
    <ClCompile Include="..\NKMIME.cpp">
      <Filter>Source Files</Filter>
    </ClCompile>
    <ClCompile Include="..\NKOAuth.cpp">
      <Filter>Source Files</Filter>
    </ClCompile>
    <ClCompile Include="..\NKObject.cpp">
      <Filter>Source Files</Filter>
    </ClCompile>
    <ClCompile Include="..\NKProxy.cpp">
      <Filter>Source Files</Filter>
    </ClCompile>
    <ClCompile Include="..\NKSink.cpp">
      <Filter>Source Files</Filter>
    </ClCompile>
    <ClCompile Include="..\NKSocket.cpp">
      <Filter>Source Files</Filter>
    </ClCompile>
    <ClCompile Include="..\NKSource.cpp">
      <Filter>Source Files</Filter>
    </ClCompile>
    <ClCompile Include="..\NKTLS.cpp">
      <Filter>Source Files</Filter>
    </ClCompile>
    <ClCompile Include="..\NKUnicode.cpp">
      <Filter>Source Files</Filter>
    </ClCompile>
    <ClCompile Include="..\NKURI.cpp">
      <Filter>Source Files</Filter>
    </ClCompile>
    <ClCompile Include="..\NKWebSocket.cpp">
      <Filter>Source Files</Filter>
    </ClCompile>
    <ClCompile Include=".\CRC32.cpp">
      <Filter>Source Files</Filter>
    </ClCompile>
    <ClCompile Include=".\NKPlatform_Win32.cpp">
      <Filter>Source Files</Filter>
    </ClCompile>
    <ClCompile Include=".\NKRunLoop_Win32.cpp">
      <Filter>Source Files</Filter>
    </ClCompile>
    <ClCompile Include="..\..\ThirdParty\sqlite\sqlite3.c">
      <Filter>Source Files</Filter>
    </ClCompile>
    <ClCompile Include="..\..\ThirdParty\http-parser\http_parser.c">
      <Filter>Source Files</Filter>
    </ClCompile>
    <ClCompile Include="..\..\ThirdParty\uriparser\src\UriCommon.c">
      <Filter>Source Files</Filter>
    </ClCompile>
    <ClCompile Include="..\..\ThirdParty\uriparser\src\UriCompare.c">
      <Filter>Source Files</Filter>
    </ClCompile>
    <ClCompile Include="..\..\ThirdParty\uriparser\src\UriEscape.c">
      <Filter>Source Files</Filter>
    </ClCompile>
    <ClCompile Include="..\..\ThirdParty\uriparser\src\UriFile.c">
      <Filter>Source Files</Filter>
    </ClCompile>
    <ClCompile Include="..\..\ThirdParty\uriparser\src\UriIp4.c">
      <Filter>Source Files</Filter>
    </ClCompile>
    <ClCompile Include="..\..\ThirdParty\uriparser\src\UriIp4Base.c">
      <Filter>Source Files</Filter>
    </ClCompile>
    <ClCompile Include="..\..\ThirdParty\uriparser\src\UriNormalize.c">
      <Filter>Source Files</Filter>
    </ClCompile>
    <ClCompile Include="..\..\ThirdParty\uriparser\src\UriNormalizeBase.c">
      <Filter>Source Files</Filter>
    </ClCompile>
    <ClCompile Include="..\..\ThirdParty\uriparser\src\UriParse.c">
      <Filter>Source Files</Filter>
    </ClCompile>
    <ClCompile Include="..\..\ThirdParty\uriparser\src\UriParseBase.c">
      <Filter>Source Files</Filter>
    </ClCompile>
    <ClCompile Include="..\..\ThirdParty\uriparser\src\UriQuery.c">
      <Filter>Source Files</Filter>
    </ClCompile>
    <ClCompile Include="..\..\ThirdParty\uriparser\src\UriRecompose.c">
      <Filter>Source Files</Filter>
    </ClCompile>
    <ClCompile Include="..\..\ThirdParty\uriparser\src\UriResolve.c">
      <Filter>Source Files</Filter>
    </ClCompile>
    <ClCompile Include="..\..\ThirdParty\uriparser\src\UriShorten.c">
      <Filter>Source Files</Filter>
    </ClCompile>
    <ClCompile Include="..\NKSHA1.cpp">
      <Filter>Source Files</Filter>
    </ClCompile>
    <ClCompile Include="..\NKUUID.cpp">
      <Filter>Source Files</Filter>
    </ClCompile>
    <ClCompile Include="NKNetworkInterface_Win32.cpp">
      <Filter>Source Files</Filter>
    </ClCompile>
    <ClCompile Include="..\NKNetworkInterface.cpp">
      <Filter>Source Files</Filter>
    </ClCompile>
    <ClCompile Include="NKLog_Win32.cpp">
      <Filter>Source Files</Filter>
    </ClCompile>
    <ClCompile Include="..\NKLog.cpp">
      <Filter>Source Files</Filter>
    </ClCompile>
    <ClCompile Include="..\NKLDAP.cpp">
      <Filter>Source Files</Filter>
    </ClCompile>
    <ClCompile Include="NKKeychain_Win32.cpp">
      <Filter>Source Files</Filter>
    </ClCompile>
  </ItemGroup>
  <ItemGroup>
    <ClInclude Include="..\..\include\NetKit\cstring.h">
      <Filter>Header Files</Filter>
    </ClInclude>
    <ClInclude Include="..\..\include\NetKit\NetKit.h">
      <Filter>Header Files</Filter>
    </ClInclude>
    <ClInclude Include="..\..\include\NetKit\NKAddress.h">
      <Filter>Header Files</Filter>
    </ClInclude>
    <ClInclude Include="..\..\include\NetKit\NKBase64.h">
      <Filter>Header Files</Filter>
    </ClInclude>
    <ClInclude Include="..\..\include\NetKit\NKComponent.h">
      <Filter>Header Files</Filter>
    </ClInclude>
    <ClInclude Include="..\..\include\NetKit\NKConcurrent.h">
      <Filter>Header Files</Filter>
    </ClInclude>
    <ClInclude Include="..\..\include\NetKit\NKDatabase.h">
      <Filter>Header Files</Filter>
    </ClInclude>
    <ClInclude Include="..\..\include\NetKit\NKEndpoint.h">
      <Filter>Header Files</Filter>
    </ClInclude>
    <ClInclude Include="..\..\include\NetKit\NKError.h">
      <Filter>Header Files</Filter>
    </ClInclude>
    <ClInclude Include="..\..\include\NetKit\NKExpected.h">
      <Filter>Header Files</Filter>
    </ClInclude>
    <ClInclude Include="..\..\include\NetKit\NKHTTP.h">
      <Filter>Header Files</Filter>
    </ClInclude>
    <ClInclude Include="..\..\include\NetKit\NKIntrusiveList.h">
      <Filter>Header Files</Filter>
    </ClInclude>
    <ClInclude Include="..\..\include\NetKit\NKJSON.h">
      <Filter>Header Files</Filter>
    </ClInclude>
    <ClInclude Include="..\..\include\NetKit\NKLog.h">
      <Filter>Header Files</Filter>
    </ClInclude>
    <ClInclude Include="..\..\include\NetKit\NKMIME.h">
      <Filter>Header Files</Filter>
    </ClInclude>
    <ClInclude Include="..\..\include\NetKit\NKOAuth.h">
      <Filter>Header Files</Filter>
    </ClInclude>
    <ClInclude Include="..\..\include\NetKit\NKObject.h">
      <Filter>Header Files</Filter>
    </ClInclude>
    <ClInclude Include="..\..\include\NetKit\NKOutputFilter.h">
      <Filter>Header Files</Filter>
    </ClInclude>
    <ClInclude Include="..\..\include\NetKit\NKPlatform.h">
      <Filter>Header Files</Filter>
    </ClInclude>
    <ClInclude Include="..\..\include\NetKit\NKProxy.h">
      <Filter>Header Files</Filter>
    </ClInclude>
    <ClInclude Include="..\..\include\NetKit\NKRunLoop.h">
      <Filter>Header Files</Filter>
    </ClInclude>
    <ClInclude Include="..\..\include\NetKit\NKSink.h">
      <Filter>Header Files</Filter>
    </ClInclude>
    <ClInclude Include="..\..\include\NetKit\NKSocket.h">
      <Filter>Header Files</Filter>
    </ClInclude>
    <ClInclude Include="..\..\include\NetKit\NKSource.h">
      <Filter>Header Files</Filter>
    </ClInclude>
    <ClInclude Include="..\..\include\NetKit\NKTLS.h">
      <Filter>Header Files</Filter>
    </ClInclude>
    <ClInclude Include="..\..\include\NetKit\NKUnicode.h">
      <Filter>Header Files</Filter>
    </ClInclude>
    <ClInclude Include="..\..\include\NetKit\NKURI.h">
      <Filter>Header Files</Filter>
    </ClInclude>
    <ClInclude Include="..\..\include\NetKit\NKWebSocket.h">
      <Filter>Header Files</Filter>
    </ClInclude>
    <ClInclude Include="..\NKDatabase_SQLite.h">
      <Filter>Header Files</Filter>
    </ClInclude>
    <ClInclude Include=".\CRC32.h">
      <Filter>Header Files</Filter>
    </ClInclude>
    <ClInclude Include=".\NKRunLoop_Win32.h">
      <Filter>Header Files</Filter>
    </ClInclude>
    <ClInclude Include="..\..\ThirdParty\sqlite\sqlite3.h">
      <Filter>Header Files</Filter>
    </ClInclude>
    <ClInclude Include="..\..\ThirdParty\http-parser\http_parser.h">
      <Filter>Header Files</Filter>
    </ClInclude>
    <ClInclude Include="..\..\ThirdParty\uriparser\src\UriCommon.h">
      <Filter>Header Files</Filter>
    </ClInclude>
    <ClInclude Include="..\..\ThirdParty\uriparser\src\UriIp4Base.h">
      <Filter>Header Files</Filter>
    </ClInclude>
    <ClInclude Include="..\..\ThirdParty\uriparser\src\UriNormalizeBase.h">
      <Filter>Header Files</Filter>
    </ClInclude>
    <ClInclude Include="..\..\ThirdParty\uriparser\src\UriParseBase.h">
      <Filter>Header Files</Filter>
    </ClInclude>
    <ClInclude Include="..\..\ThirdParty\uriparser\include\uriparser\Uri.h">
      <Filter>Header Files</Filter>
    </ClInclude>
    <ClInclude Include="..\..\ThirdParty\uriparser\include\uriparser\UriBase.h">
      <Filter>Header Files</Filter>
    </ClInclude>
    <ClInclude Include="..\..\ThirdParty\uriparser\include\uriparser\UriDefsAnsi.h">
      <Filter>Header Files</Filter>
    </ClInclude>
    <ClInclude Include="..\..\ThirdParty\uriparser\include\uriparser\UriDefsConfig.h">
      <Filter>Header Files</Filter>
    </ClInclude>
    <ClInclude Include="..\..\ThirdParty\uriparser\include\uriparser\UriDefsUnicode.h">
      <Filter>Header Files</Filter>
    </ClInclude>
    <ClInclude Include="..\..\ThirdParty\uriparser\include\uriparser\UriIp4.h">
      <Filter>Header Files</Filter>
    </ClInclude>
    <ClInclude Include="..\..\include\NetKit\NKCookie.h">
      <Filter>Header Files</Filter>
    </ClInclude>
    <ClInclude Include="..\..\include\NetKit\NKSmartRef.h">
      <Filter>Header Files</Filter>
    </ClInclude>
    <ClInclude Include="..\..\include\NetKit\NKSHA1.h">
      <Filter>Header Files</Filter>
    </ClInclude>
    <ClInclude Include="..\..\include\NetKit\NKUUID.h">
      <Filter>Header Files</Filter>
    </ClInclude>
    <ClInclude Include="..\..\include\NetKit\NKNetworkInterface.h">
      <Filter>Header Files</Filter>
    </ClInclude>
    <ClInclude Include="NKLog_Win32.h">
      <Filter>Header Files</Filter>
    </ClInclude>
    <ClInclude Include="..\..\include\NetKit\NKLDAP.h">
      <Filter>Header Files</Filter>
    </ClInclude>
    <ClInclude Include="..\..\include\NetKit\NKKeychain.h">
      <Filter>Header Files</Filter>
    </ClInclude>
    <ClInclude Include="NKKeychain_Win32.h">
      <Filter>Header Files</Filter>
    </ClInclude>
  </ItemGroup>
  <ItemGroup>
    <CustomBuild Include=".\EventLog.mc" />
  </ItemGroup>
</Project>