// !$*UTF8*$!
{
	archiveVersion = 1;
	classes = {
	};
	objectVersion = 46;
	objects = {

/* Begin PBXBuildFile section */
		D2033DC316E1811000DBE69B /* NKOutputFilter.h in Headers */ = {isa = PBXBuildFile; fileRef = D2033DC116E1811000DBE69B /* NKOutputFilter.h */; settings = {ATTRIBUTES = (Public, ); }; };
		D2033DC416E1811000DBE69B /* NKUnicode.h in Headers */ = {isa = PBXBuildFile; fileRef = D2033DC216E1811000DBE69B /* NKUnicode.h */; settings = {ATTRIBUTES = (Public, ); }; };
		D2033DC616E1813C00DBE69B /* NKUnicode.cpp in Sources */ = {isa = PBXBuildFile; fileRef = D2033DC516E1813C00DBE69B /* NKUnicode.cpp */; };
		D20D20FF1608FF2B0037A994 /* NKOAuth.cpp in Sources */ = {isa = PBXBuildFile; fileRef = D20D20FC1608FF2B0037A994 /* NKOAuth.cpp */; };
		D20D21051608FF4F0037A994 /* NKOAuth.h in Headers */ = {isa = PBXBuildFile; fileRef = D20D21031608FF4F0037A994 /* NKOAuth.h */; settings = {ATTRIBUTES = (Public, ); }; };
		D20ED13116D8379900177887 /* NKRunLoop_Mac.h in Headers */ = {isa = PBXBuildFile; fileRef = D20ED12F16D8379900177887 /* NKRunLoop_Mac.h */; };
		D20ED13216D8379900177887 /* NKRunLoop_Mac.mm in Sources */ = {isa = PBXBuildFile; fileRef = D20ED13016D8379900177887 /* NKRunLoop_Mac.mm */; };
		D20ED13416DB123300177887 /* NKProxy.h in Headers */ = {isa = PBXBuildFile; fileRef = D20ED13316DB123300177887 /* NKProxy.h */; settings = {ATTRIBUTES = (Public, ); }; };
		D20ED13616DB123C00177887 /* NKProxy.cpp in Sources */ = {isa = PBXBuildFile; fileRef = D20ED13516DB123B00177887 /* NKProxy.cpp */; };
		D20ED13E16DC0E9C00177887 /* SecurityFoundation.framework in Frameworks */ = {isa = PBXBuildFile; fileRef = D20ED13D16DC0E9C00177887 /* SecurityFoundation.framework */; };
		D20ED14016DC0EF300177887 /* CoreServices.framework in Frameworks */ = {isa = PBXBuildFile; fileRef = D20ED13F16DC0EF200177887 /* CoreServices.framework */; };
		D2171B85170E4387002E1119 /* NKAddress.cpp in Sources */ = {isa = PBXBuildFile; fileRef = D23DF54B15F698F90027A8F1 /* NKAddress.cpp */; };
		D2171B86170E4388002E1119 /* NKAddress.cpp in Sources */ = {isa = PBXBuildFile; fileRef = D23DF54B15F698F90027A8F1 /* NKAddress.cpp */; };
		D223BA3C1717336E000C2C44 /* NKWebSocket.h in Headers */ = {isa = PBXBuildFile; fileRef = D223BA3B1717336E000C2C44 /* NKWebSocket.h */; settings = {ATTRIBUTES = (Public, ); }; };
		D223BA3D1717336E000C2C44 /* NKWebSocket.h in Headers */ = {isa = PBXBuildFile; fileRef = D223BA3B1717336E000C2C44 /* NKWebSocket.h */; settings = {ATTRIBUTES = (Public, ); }; };
		D223BA3F1717338A000C2C44 /* NKWebSocket.cpp in Sources */ = {isa = PBXBuildFile; fileRef = D223BA3E1717338A000C2C44 /* NKWebSocket.cpp */; };
		D223BA401717338A000C2C44 /* NKWebSocket.cpp in Sources */ = {isa = PBXBuildFile; fileRef = D223BA3E1717338A000C2C44 /* NKWebSocket.cpp */; };
		D223BA4B1718C706000C2C44 /* NKTLS.h in Headers */ = {isa = PBXBuildFile; fileRef = D223BA4A1718C706000C2C44 /* NKTLS.h */; settings = {ATTRIBUTES = (Public, ); }; };
		D223BA4C1718C706000C2C44 /* NKTLS.h in Headers */ = {isa = PBXBuildFile; fileRef = D223BA4A1718C706000C2C44 /* NKTLS.h */; settings = {ATTRIBUTES = (Public, ); }; };
		D223BA4E1718C715000C2C44 /* NKTLS.cpp in Sources */ = {isa = PBXBuildFile; fileRef = D223BA4D1718C715000C2C44 /* NKTLS.cpp */; settings = {COMPILER_FLAGS = "-Wno-deprecated"; }; };
		D223BA4F1718C715000C2C44 /* NKTLS.cpp in Sources */ = {isa = PBXBuildFile; fileRef = D223BA4D1718C715000C2C44 /* NKTLS.cpp */; settings = {COMPILER_FLAGS = "-Wno-deprecated"; }; };
		D223BA511718CFAE000C2C44 /* NKEndpoint.h in Headers */ = {isa = PBXBuildFile; fileRef = D223BA501718CFAE000C2C44 /* NKEndpoint.h */; settings = {ATTRIBUTES = (Public, ); }; };
		D223BA521718CFAE000C2C44 /* NKEndpoint.h in Headers */ = {isa = PBXBuildFile; fileRef = D223BA501718CFAE000C2C44 /* NKEndpoint.h */; settings = {ATTRIBUTES = (Public, ); }; };
		D223BA541718CFBB000C2C44 /* NKEndpoint.cpp in Sources */ = {isa = PBXBuildFile; fileRef = D223BA531718CFBA000C2C44 /* NKEndpoint.cpp */; };
		D223BA551718CFBB000C2C44 /* NKEndpoint.cpp in Sources */ = {isa = PBXBuildFile; fileRef = D223BA531718CFBA000C2C44 /* NKEndpoint.cpp */; };
		D2365E3F15FD9515000B6EE3 /* Uri.h in Headers */ = {isa = PBXBuildFile; fileRef = D2365E3915FD9515000B6EE3 /* Uri.h */; };
		D2365E4015FD9515000B6EE3 /* UriBase.h in Headers */ = {isa = PBXBuildFile; fileRef = D2365E3A15FD9515000B6EE3 /* UriBase.h */; };
		D2365E4115FD9515000B6EE3 /* UriDefsAnsi.h in Headers */ = {isa = PBXBuildFile; fileRef = D2365E3B15FD9515000B6EE3 /* UriDefsAnsi.h */; };
		D2365E4215FD9515000B6EE3 /* UriDefsConfig.h in Headers */ = {isa = PBXBuildFile; fileRef = D2365E3C15FD9515000B6EE3 /* UriDefsConfig.h */; };
		D2365E4315FD9515000B6EE3 /* UriDefsUnicode.h in Headers */ = {isa = PBXBuildFile; fileRef = D2365E3D15FD9515000B6EE3 /* UriDefsUnicode.h */; };
		D2365E4415FD9515000B6EE3 /* UriIp4.h in Headers */ = {isa = PBXBuildFile; fileRef = D2365E3E15FD9515000B6EE3 /* UriIp4.h */; };
		D239D38016D69451007FB101 /* NKSink.h in Headers */ = {isa = PBXBuildFile; fileRef = D239D37E16D69451007FB101 /* NKSink.h */; settings = {ATTRIBUTES = (Public, ); }; };
		D239D38116D69451007FB101 /* NKSource.h in Headers */ = {isa = PBXBuildFile; fileRef = D239D37F16D69451007FB101 /* NKSource.h */; settings = {ATTRIBUTES = (Public, ); }; };
		D239D38416D6A8B2007FB101 /* NKSink.cpp in Sources */ = {isa = PBXBuildFile; fileRef = D239D38216D6A8B2007FB101 /* NKSink.cpp */; };
		D239D38516D6A8B2007FB101 /* NKSource.cpp in Sources */ = {isa = PBXBuildFile; fileRef = D239D38316D6A8B2007FB101 /* NKSource.cpp */; };
		D23DF53415F698390027A8F1 /* InfoPlist.strings in Resources */ = {isa = PBXBuildFile; fileRef = D23DF53215F698390027A8F1 /* InfoPlist.strings */; };
		D23DF55F15F698F90027A8F1 /* NKError.h in Headers */ = {isa = PBXBuildFile; fileRef = D23DF54715F698F90027A8F1 /* NKError.h */; settings = {ATTRIBUTES = (Public, ); }; };
		D23DF56215F698F90027A8F1 /* NKHTTP.h in Headers */ = {isa = PBXBuildFile; fileRef = D23DF54A15F698F90027A8F1 /* NKHTTP.h */; settings = {ATTRIBUTES = (Public, ); }; };
		D23DF56415F698F90027A8F1 /* NKAddress.h in Headers */ = {isa = PBXBuildFile; fileRef = D23DF54C15F698F90027A8F1 /* NKAddress.h */; settings = {ATTRIBUTES = (Public, ); }; };
		D23DF56815F698F90027A8F1 /* NKObject.cpp in Sources */ = {isa = PBXBuildFile; fileRef = D23DF55015F698F90027A8F1 /* NKObject.cpp */; };
		D23DF56915F698F90027A8F1 /* NKObject.h in Headers */ = {isa = PBXBuildFile; fileRef = D23DF55115F698F90027A8F1 /* NKObject.h */; settings = {ATTRIBUTES = (Public, ); }; };
		D23DF57015F698F90027A8F1 /* NKSocket.h in Headers */ = {isa = PBXBuildFile; fileRef = D23DF55815F698F90027A8F1 /* NKSocket.h */; settings = {ATTRIBUTES = (Public, ); }; };
		D23DF57C15F69C4F0027A8F1 /* Foundation.framework in Frameworks */ = {isa = PBXBuildFile; fileRef = D23DF52E15F698390027A8F1 /* Foundation.framework */; };
		D23DF57E15F69D1E0027A8F1 /* CoreFoundation.framework in Frameworks */ = {isa = PBXBuildFile; fileRef = D23DF57D15F69D1E0027A8F1 /* CoreFoundation.framework */; };
		D23DF58815F69F980027A8F1 /* NKLog.h in Headers */ = {isa = PBXBuildFile; fileRef = D23DF58715F69F980027A8F1 /* NKLog.h */; settings = {ATTRIBUTES = (Public, ); }; };
		D23DF58A15F6A3040027A8F1 /* (null) in Headers */ = {isa = PBXBuildFile; settings = {ATTRIBUTES = (Public, ); }; };
		D23DF59015F6AC530027A8F1 /* SystemConfiguration.framework in Frameworks */ = {isa = PBXBuildFile; fileRef = D23DF58F15F6AC530027A8F1 /* SystemConfiguration.framework */; };
		D23DF59215F6AC920027A8F1 /* IOKit.framework in Frameworks */ = {isa = PBXBuildFile; fileRef = D23DF59115F6AC920027A8F1 /* IOKit.framework */; };
		D23DF59C15F6AFCD0027A8F1 /* main.cpp in Sources */ = {isa = PBXBuildFile; fileRef = D23DF59B15F6AFCD0027A8F1 /* main.cpp */; };
		D23DF5B315F6B1190027A8F1 /* NetKit.framework in Frameworks */ = {isa = PBXBuildFile; fileRef = D23DF52615F698390027A8F1 /* NetKit.framework */; };
		D23DF5C215F6D5490027A8F1 /* NKSocket.cpp in Sources */ = {isa = PBXBuildFile; fileRef = D23DF5BF15F6D5490027A8F1 /* NKSocket.cpp */; };
		D23DF5D315F922170027A8F1 /* NKString.h in Headers */ = {isa = PBXBuildFile; fileRef = D23DF5D115F922160027A8F1 /* NKString.h */; settings = {ATTRIBUTES = (Public, ); }; };
		D23DF5D415F922170027A8F1 /* NKHTTP.cpp in Sources */ = {isa = PBXBuildFile; fileRef = D23DF5D215F922170027A8F1 /* NKHTTP.cpp */; };
		D23DF5D915F964C20027A8F1 /* NKURI.cpp in Sources */ = {isa = PBXBuildFile; fileRef = D23DF5D715F964C10027A8F1 /* NKURI.cpp */; };
		D23DF5DA15F964C20027A8F1 /* NKURI.h in Headers */ = {isa = PBXBuildFile; fileRef = D23DF5D815F964C20027A8F1 /* NKURI.h */; settings = {ATTRIBUTES = (Public, ); }; };
		D254EFBE16C43DA500851E44 /* NKExpected.h in Headers */ = {isa = PBXBuildFile; fileRef = D254EFB916C43DA500851E44 /* NKExpected.h */; settings = {ATTRIBUTES = (Public, ); }; };
		D254EFBF16C43DA500851E44 /* NKJSON.h in Headers */ = {isa = PBXBuildFile; fileRef = D254EFBA16C43DA500851E44 /* NKJSON.h */; settings = {ATTRIBUTES = (Public, ); }; };
		D254EFC016C43DA500851E44 /* NKPlatform.h in Headers */ = {isa = PBXBuildFile; fileRef = D254EFBB16C43DA500851E44 /* NKPlatform.h */; settings = {ATTRIBUTES = (Public, ); }; };
		D254EFC116C43DA500851E44 /* NKRunLoop.h in Headers */ = {isa = PBXBuildFile; fileRef = D254EFBC16C43DA500851E44 /* NKRunLoop.h */; settings = {ATTRIBUTES = (Public, ); }; };
		D254EFC616C43DB500851E44 /* NKJSON.cpp in Sources */ = {isa = PBXBuildFile; fileRef = D254EFC316C43DB500851E44 /* NKJSON.cpp */; };
		D2597C051725E5BB00FD3D63 /* NKIntrusiveList.h in Headers */ = {isa = PBXBuildFile; fileRef = D2597C041725E5BB00FD3D63 /* NKIntrusiveList.h */; settings = {ATTRIBUTES = (Public, ); }; };
		D2597C061725E5BB00FD3D63 /* NKIntrusiveList.h in Headers */ = {isa = PBXBuildFile; fileRef = D2597C041725E5BB00FD3D63 /* NKIntrusiveList.h */; settings = {ATTRIBUTES = (Public, ); }; };
		D26B0EA716F7C744008379E0 /* NKString.h in Headers */ = {isa = PBXBuildFile; fileRef = D23DF5D115F922160027A8F1 /* NKString.h */; };
		D26B0EA816F7C744008379E0 /* NetKit.h in Headers */ = {isa = PBXBuildFile; fileRef = D2740F3C15FBAA8600589649 /* NetKit.h */; };
		D26B0EA916F7C744008379E0 /* NKBase64.cpp in Sources */ = {isa = PBXBuildFile; fileRef = D2740F2815FBA45900589649 /* NKBase64.cpp */; };
		D26B0EAA16F7C744008379E0 /* NKBase64.h in Headers */ = {isa = PBXBuildFile; fileRef = D2740F2915FBA45900589649 /* NKBase64.h */; };
		D26B0EAB16F7C744008379E0 /* NKError.h in Headers */ = {isa = PBXBuildFile; fileRef = D23DF54715F698F90027A8F1 /* NKError.h */; };
		D26B0EAC16F7C744008379E0 /* NKExpected.h in Headers */ = {isa = PBXBuildFile; fileRef = D254EFB916C43DA500851E44 /* NKExpected.h */; };
		D26B0EAE16F7C744008379E0 /* NKAddress.h in Headers */ = {isa = PBXBuildFile; fileRef = D23DF54C15F698F90027A8F1 /* NKAddress.h */; settings = {ATTRIBUTES = (Public, ); }; };
		D26B0EB016F7C744008379E0 /* NKLog.h in Headers */ = {isa = PBXBuildFile; fileRef = D23DF58715F69F980027A8F1 /* NKLog.h */; };
		D26B0EB116F7C744008379E0 /* NKOAuth.cpp in Sources */ = {isa = PBXBuildFile; fileRef = D20D20FC1608FF2B0037A994 /* NKOAuth.cpp */; };
		D26B0EB216F7C744008379E0 /* NKOAuth.h in Headers */ = {isa = PBXBuildFile; fileRef = D20D21031608FF4F0037A994 /* NKOAuth.h */; settings = {ATTRIBUTES = (Public, ); }; };
		D26B0EB316F7C744008379E0 /* NKObject.cpp in Sources */ = {isa = PBXBuildFile; fileRef = D23DF55015F698F90027A8F1 /* NKObject.cpp */; };
		D26B0EB416F7C744008379E0 /* NKObject.h in Headers */ = {isa = PBXBuildFile; fileRef = D23DF55115F698F90027A8F1 /* NKObject.h */; };
		D26B0EB516F7C744008379E0 /* NKOutputFilter.h in Headers */ = {isa = PBXBuildFile; fileRef = D2033DC116E1811000DBE69B /* NKOutputFilter.h */; };
		D26B0EB616F7C744008379E0 /* NKPlatform.h in Headers */ = {isa = PBXBuildFile; fileRef = D254EFBB16C43DA500851E44 /* NKPlatform.h */; };
		D26B0EB716F7C744008379E0 /* NKProxy.cpp in Sources */ = {isa = PBXBuildFile; fileRef = D20ED13516DB123B00177887 /* NKProxy.cpp */; };
		D26B0EB816F7C744008379E0 /* NKProxy.h in Headers */ = {isa = PBXBuildFile; fileRef = D20ED13316DB123300177887 /* NKProxy.h */; };
		D26B0EB916F7C744008379E0 /* NKRunLoop.h in Headers */ = {isa = PBXBuildFile; fileRef = D254EFBC16C43DA500851E44 /* NKRunLoop.h */; };
		D26B0EBA16F7C744008379E0 /* NKRunLoop_Mac.h in Headers */ = {isa = PBXBuildFile; fileRef = D20ED12F16D8379900177887 /* NKRunLoop_Mac.h */; };
		D26B0EBB16F7C744008379E0 /* NKRunLoop_Mac.mm in Sources */ = {isa = PBXBuildFile; fileRef = D20ED13016D8379900177887 /* NKRunLoop_Mac.mm */; };
		D26B0EBC16F7C744008379E0 /* NKSink.cpp in Sources */ = {isa = PBXBuildFile; fileRef = D239D38216D6A8B2007FB101 /* NKSink.cpp */; };
		D26B0EBD16F7C744008379E0 /* NKSink.h in Headers */ = {isa = PBXBuildFile; fileRef = D239D37E16D69451007FB101 /* NKSink.h */; };
		D26B0EBF16F7C744008379E0 /* NKSocket.cpp in Sources */ = {isa = PBXBuildFile; fileRef = D23DF5BF15F6D5490027A8F1 /* NKSocket.cpp */; };
		D26B0EC016F7C744008379E0 /* NKSocket.h in Headers */ = {isa = PBXBuildFile; fileRef = D23DF55815F698F90027A8F1 /* NKSocket.h */; };
		D26B0EC116F7C744008379E0 /* NKSource.cpp in Sources */ = {isa = PBXBuildFile; fileRef = D239D38316D6A8B2007FB101 /* NKSource.cpp */; };
		D26B0EC216F7C744008379E0 /* NKSource.h in Headers */ = {isa = PBXBuildFile; fileRef = D239D37F16D69451007FB101 /* NKSource.h */; };
		D26B0EC516F7C744008379E0 /* NKUnicode.cpp in Sources */ = {isa = PBXBuildFile; fileRef = D2033DC516E1813C00DBE69B /* NKUnicode.cpp */; };
		D26B0EC616F7C744008379E0 /* NKUnicode.h in Headers */ = {isa = PBXBuildFile; fileRef = D2033DC216E1811000DBE69B /* NKUnicode.h */; };
		D26B0EC716F7C744008379E0 /* NKURI.cpp in Sources */ = {isa = PBXBuildFile; fileRef = D23DF5D715F964C10027A8F1 /* NKURI.cpp */; };
		D26B0EC816F7C744008379E0 /* NKURI.h in Headers */ = {isa = PBXBuildFile; fileRef = D23DF5D815F964C20027A8F1 /* NKURI.h */; };
		D26B0EC916F7C74C008379E0 /* NKDatabase.h in Headers */ = {isa = PBXBuildFile; fileRef = D2E25B9516701A45009C6073 /* NKDatabase.h */; };
		D26B0ECA16F7C74C008379E0 /* NKDatabase_SQLite.h in Headers */ = {isa = PBXBuildFile; fileRef = D2E25BA016701A55009C6073 /* NKDatabase_SQLite.h */; };
		D26B0ECB16F7C74C008379E0 /* NKDatabase_SQLite.cpp in Sources */ = {isa = PBXBuildFile; fileRef = D2E25B9F16701A55009C6073 /* NKDatabase_SQLite.cpp */; };
		D26B0ECC16F7C754008379E0 /* NKHTTP.cpp in Sources */ = {isa = PBXBuildFile; fileRef = D23DF5D215F922170027A8F1 /* NKHTTP.cpp */; };
		D26B0ECD16F7C754008379E0 /* NKHTTP.h in Headers */ = {isa = PBXBuildFile; fileRef = D23DF54A15F698F90027A8F1 /* NKHTTP.h */; };
		D26B0ED016F7C75C008379E0 /* NKJSON.cpp in Sources */ = {isa = PBXBuildFile; fileRef = D254EFC316C43DB500851E44 /* NKJSON.cpp */; };
		D26B0ED116F7C75C008379E0 /* NKJSON.h in Headers */ = {isa = PBXBuildFile; fileRef = D254EFBA16C43DA500851E44 /* NKJSON.h */; };
		D26F050A15FA5BA5003F7389 /* UriCommon.c in Sources */ = {isa = PBXBuildFile; fileRef = D26F04F815FA5BA5003F7389 /* UriCommon.c */; };
		D26F050B15FA5BA5003F7389 /* UriCommon.h in Headers */ = {isa = PBXBuildFile; fileRef = D26F04F915FA5BA5003F7389 /* UriCommon.h */; };
		D26F050C15FA5BA5003F7389 /* UriCompare.c in Sources */ = {isa = PBXBuildFile; fileRef = D26F04FA15FA5BA5003F7389 /* UriCompare.c */; };
		D26F050D15FA5BA5003F7389 /* UriEscape.c in Sources */ = {isa = PBXBuildFile; fileRef = D26F04FB15FA5BA5003F7389 /* UriEscape.c */; };
		D26F050E15FA5BA5003F7389 /* UriFile.c in Sources */ = {isa = PBXBuildFile; fileRef = D26F04FC15FA5BA5003F7389 /* UriFile.c */; };
		D26F050F15FA5BA5003F7389 /* UriIp4.c in Sources */ = {isa = PBXBuildFile; fileRef = D26F04FD15FA5BA5003F7389 /* UriIp4.c */; };
		D26F051015FA5BA5003F7389 /* UriIp4Base.c in Sources */ = {isa = PBXBuildFile; fileRef = D26F04FE15FA5BA5003F7389 /* UriIp4Base.c */; };
		D26F051115FA5BA5003F7389 /* UriIp4Base.h in Headers */ = {isa = PBXBuildFile; fileRef = D26F04FF15FA5BA5003F7389 /* UriIp4Base.h */; };
		D26F051215FA5BA5003F7389 /* UriNormalize.c in Sources */ = {isa = PBXBuildFile; fileRef = D26F050015FA5BA5003F7389 /* UriNormalize.c */; };
		D26F051315FA5BA5003F7389 /* UriNormalizeBase.c in Sources */ = {isa = PBXBuildFile; fileRef = D26F050115FA5BA5003F7389 /* UriNormalizeBase.c */; };
		D26F051415FA5BA5003F7389 /* UriNormalizeBase.h in Headers */ = {isa = PBXBuildFile; fileRef = D26F050215FA5BA5003F7389 /* UriNormalizeBase.h */; };
		D26F051515FA5BA5003F7389 /* UriParse.c in Sources */ = {isa = PBXBuildFile; fileRef = D26F050315FA5BA5003F7389 /* UriParse.c */; };
		D26F051615FA5BA5003F7389 /* UriParseBase.c in Sources */ = {isa = PBXBuildFile; fileRef = D26F050415FA5BA5003F7389 /* UriParseBase.c */; };
		D26F051715FA5BA5003F7389 /* UriParseBase.h in Headers */ = {isa = PBXBuildFile; fileRef = D26F050515FA5BA5003F7389 /* UriParseBase.h */; };
		D26F051815FA5BA5003F7389 /* UriQuery.c in Sources */ = {isa = PBXBuildFile; fileRef = D26F050615FA5BA5003F7389 /* UriQuery.c */; };
		D26F051915FA5BA5003F7389 /* UriRecompose.c in Sources */ = {isa = PBXBuildFile; fileRef = D26F050715FA5BA5003F7389 /* UriRecompose.c */; };
		D26F051A15FA5BA5003F7389 /* UriResolve.c in Sources */ = {isa = PBXBuildFile; fileRef = D26F050815FA5BA5003F7389 /* UriResolve.c */; };
		D26F051B15FA5BA5003F7389 /* UriShorten.c in Sources */ = {isa = PBXBuildFile; fileRef = D26F050915FA5BA5003F7389 /* UriShorten.c */; };
		D26F051C15FA5BFE003F7389 /* liburiparser.a in Frameworks */ = {isa = PBXBuildFile; fileRef = D26F04F315FA5B6A003F7389 /* liburiparser.a */; };
		D2740F2015FA5FAC00589649 /* CoreFoundation.framework in Frameworks */ = {isa = PBXBuildFile; fileRef = D23DF57D15F69D1E0027A8F1 /* CoreFoundation.framework */; };
		D2740F2A15FBA45900589649 /* NKBase64.cpp in Sources */ = {isa = PBXBuildFile; fileRef = D2740F2815FBA45900589649 /* NKBase64.cpp */; };
		D2740F2B15FBA45900589649 /* NKBase64.h in Headers */ = {isa = PBXBuildFile; fileRef = D2740F2915FBA45900589649 /* NKBase64.h */; settings = {ATTRIBUTES = (Public, ); }; };
		D2740F3715FBA85A00589649 /* http_parser.c in Sources */ = {isa = PBXBuildFile; fileRef = D2740F3515FBA85A00589649 /* http_parser.c */; };
		D2740F3815FBA85A00589649 /* http_parser.h in Headers */ = {isa = PBXBuildFile; fileRef = D2740F3615FBA85A00589649 /* http_parser.h */; };
		D2740F3915FBA87700589649 /* libhttp-parser.a in Frameworks */ = {isa = PBXBuildFile; fileRef = D2740F3015FBA83E00589649 /* libhttp-parser.a */; };
		D2740F3D15FBAA8600589649 /* NetKit.h in Headers */ = {isa = PBXBuildFile; fileRef = D2740F3C15FBAA8600589649 /* NetKit.h */; settings = {ATTRIBUTES = (Public, ); }; };
		D28BEE231739AEEE00BD7587 /* NKSHA1.h in Headers */ = {isa = PBXBuildFile; fileRef = D28BEE211739AEEE00BD7587 /* NKSHA1.h */; settings = {ATTRIBUTES = (Public, ); }; };
		D28BEE241739AEEE00BD7587 /* NKSHA1.h in Headers */ = {isa = PBXBuildFile; fileRef = D28BEE211739AEEE00BD7587 /* NKSHA1.h */; settings = {ATTRIBUTES = (Public, ); }; };
		D28BEE251739AEEE00BD7587 /* NKUUID.h in Headers */ = {isa = PBXBuildFile; fileRef = D28BEE221739AEEE00BD7587 /* NKUUID.h */; settings = {ATTRIBUTES = (Public, ); }; };
		D28BEE261739AEEE00BD7587 /* NKUUID.h in Headers */ = {isa = PBXBuildFile; fileRef = D28BEE221739AEEE00BD7587 /* NKUUID.h */; settings = {ATTRIBUTES = (Public, ); }; };
		D28BEE291739AEFB00BD7587 /* NKSHA1.cpp in Sources */ = {isa = PBXBuildFile; fileRef = D28BEE271739AEFB00BD7587 /* NKSHA1.cpp */; };
		D28BEE2A1739AEFB00BD7587 /* NKSHA1.cpp in Sources */ = {isa = PBXBuildFile; fileRef = D28BEE271739AEFB00BD7587 /* NKSHA1.cpp */; };
		D28BEE2B1739AEFB00BD7587 /* NKUUID.cpp in Sources */ = {isa = PBXBuildFile; fileRef = D28BEE281739AEFB00BD7587 /* NKUUID.cpp */; };
		D28BEE2C1739AEFB00BD7587 /* NKUUID.cpp in Sources */ = {isa = PBXBuildFile; fileRef = D28BEE281739AEFB00BD7587 /* NKUUID.cpp */; };
		D293E21E1880A44E00A59668 /* NKLDAP.cpp in Sources */ = {isa = PBXBuildFile; fileRef = D293E21D1880A44E00A59668 /* NKLDAP.cpp */; };
		D293E21F1880A44E00A59668 /* NKLDAP.cpp in Sources */ = {isa = PBXBuildFile; fileRef = D293E21D1880A44E00A59668 /* NKLDAP.cpp */; };
		D29B900A17A1930700CAE680 /* NKKeychain.h in Headers */ = {isa = PBXBuildFile; fileRef = D29B900717A1930700CAE680 /* NKKeychain.h */; settings = {ATTRIBUTES = (Public, ); }; };
		D29B900B17A1930700CAE680 /* NKKeychain.h in Headers */ = {isa = PBXBuildFile; fileRef = D29B900717A1930700CAE680 /* NKKeychain.h */; settings = {ATTRIBUTES = (Public, ); }; };
		D29B900C17A1930700CAE680 /* NKLDAP.h in Headers */ = {isa = PBXBuildFile; fileRef = D29B900817A1930700CAE680 /* NKLDAP.h */; settings = {ATTRIBUTES = (Public, ); }; };
		D29B900D17A1930700CAE680 /* NKLDAP.h in Headers */ = {isa = PBXBuildFile; fileRef = D29B900817A1930700CAE680 /* NKLDAP.h */; settings = {ATTRIBUTES = (Public, ); }; };
		D29B900E17A1930700CAE680 /* NKStackWalk.h in Headers */ = {isa = PBXBuildFile; fileRef = D29B900917A1930700CAE680 /* NKStackWalk.h */; settings = {ATTRIBUTES = (Public, ); }; };
		D29B900F17A1930700CAE680 /* NKStackWalk.h in Headers */ = {isa = PBXBuildFile; fileRef = D29B900917A1930700CAE680 /* NKStackWalk.h */; settings = {ATTRIBUTES = (Public, ); }; };
		D29B901017A1933700CAE680 /* test_http.cpp in Sources */ = {isa = PBXBuildFile; fileRef = D28BEE2E1739AF2A00BD7587 /* test_http.cpp */; };
		D2A1180116FCD7CE00FAD80F /* NKComponent.h in Headers */ = {isa = PBXBuildFile; fileRef = D2A117FF16FCD7CE00FAD80F /* NKComponent.h */; settings = {ATTRIBUTES = (Public, ); }; };
		D2A1180216FCD7CE00FAD80F /* NKComponent.h in Headers */ = {isa = PBXBuildFile; fileRef = D2A117FF16FCD7CE00FAD80F /* NKComponent.h */; };
		D2A1180316FCD7CE00FAD80F /* NKMIME.h in Headers */ = {isa = PBXBuildFile; fileRef = D2A1180016FCD7CE00FAD80F /* NKMIME.h */; settings = {ATTRIBUTES = (Public, ); }; };
		D2A1180416FCD7CE00FAD80F /* NKMIME.h in Headers */ = {isa = PBXBuildFile; fileRef = D2A1180016FCD7CE00FAD80F /* NKMIME.h */; };
		D2A1180716FCD7E300FAD80F /* NKComponent.cpp in Sources */ = {isa = PBXBuildFile; fileRef = D2A1180516FCD7E300FAD80F /* NKComponent.cpp */; };
		D2A1180816FCD7E300FAD80F /* NKComponent.cpp in Sources */ = {isa = PBXBuildFile; fileRef = D2A1180516FCD7E300FAD80F /* NKComponent.cpp */; };
		D2A1180916FCD7E300FAD80F /* NKMIME.cpp in Sources */ = {isa = PBXBuildFile; fileRef = D2A1180616FCD7E300FAD80F /* NKMIME.cpp */; };
		D2A1180A16FCD7E300FAD80F /* NKMIME.cpp in Sources */ = {isa = PBXBuildFile; fileRef = D2A1180616FCD7E300FAD80F /* NKMIME.cpp */; };
		D2A1180C16FCF1E500FAD80F /* NKConcurrent.h in Headers */ = {isa = PBXBuildFile; fileRef = D2A1180B16FCF1E500FAD80F /* NKConcurrent.h */; settings = {ATTRIBUTES = (Public, ); }; };
		D2A1180D16FCF1E500FAD80F /* NKConcurrent.h in Headers */ = {isa = PBXBuildFile; fileRef = D2A1180B16FCF1E500FAD80F /* NKConcurrent.h */; settings = {ATTRIBUTES = (Public, ); }; };
		D2A1180F16FD111800FAD80F /* NKPlatform.mm in Sources */ = {isa = PBXBuildFile; fileRef = D2A1180E16FD111700FAD80F /* NKPlatform.mm */; };
		D2A1181016FD111800FAD80F /* NKPlatform.mm in Sources */ = {isa = PBXBuildFile; fileRef = D2A1180E16FD111700FAD80F /* NKPlatform.mm */; };
		D2A1F7151883967F00A84298 /* NKApplication.h in Headers */ = {isa = PBXBuildFile; fileRef = D2A1F7141883967F00A84298 /* NKApplication.h */; };
		D2A1F7161883967F00A84298 /* NKApplication.h in Headers */ = {isa = PBXBuildFile; fileRef = D2A1F7141883967F00A84298 /* NKApplication.h */; };
		D2A1F7181883968900A84298 /* NKApplication.cpp in Sources */ = {isa = PBXBuildFile; fileRef = D2A1F7171883968900A84298 /* NKApplication.cpp */; };
		D2A1F7191883968900A84298 /* NKApplication.cpp in Sources */ = {isa = PBXBuildFile; fileRef = D2A1F7171883968900A84298 /* NKApplication.cpp */; };
		D2A8BA41162BC0B900D0C09A /* libxml2.dylib in Frameworks */ = {isa = PBXBuildFile; fileRef = D2A8BA40162BC0B900D0C09A /* libxml2.dylib */; };
		D2B09C79170238C9002EE020 /* NKError.cpp in Sources */ = {isa = PBXBuildFile; fileRef = D2B09C78170238C9002EE020 /* NKError.cpp */; };
		D2B09C7A170238C9002EE020 /* NKError.cpp in Sources */ = {isa = PBXBuildFile; fileRef = D2B09C78170238C9002EE020 /* NKError.cpp */; };
		D2C33E76177118A800DAC202 /* NKMacros.h in Headers */ = {isa = PBXBuildFile; fileRef = D2C33E74177118A800DAC202 /* NKMacros.h */; settings = {ATTRIBUTES = (Public, ); }; };
		D2C33E77177118A800DAC202 /* NKMacros.h in Headers */ = {isa = PBXBuildFile; fileRef = D2C33E74177118A800DAC202 /* NKMacros.h */; settings = {ATTRIBUTES = (Public, ); }; };
		D2C33E78177118A800DAC202 /* NKNetworkInterface.h in Headers */ = {isa = PBXBuildFile; fileRef = D2C33E75177118A800DAC202 /* NKNetworkInterface.h */; settings = {ATTRIBUTES = (Public, ); }; };
		D2C33E79177118A800DAC202 /* NKNetworkInterface.h in Headers */ = {isa = PBXBuildFile; fileRef = D2C33E75177118A800DAC202 /* NKNetworkInterface.h */; settings = {ATTRIBUTES = (Public, ); }; };
		D2C33E7B177118BD00DAC202 /* NKNetworkInterface.cpp in Sources */ = {isa = PBXBuildFile; fileRef = D2C33E7A177118BD00DAC202 /* NKNetworkInterface.cpp */; };
		D2C33E7C177118BD00DAC202 /* NKNetworkInterface.cpp in Sources */ = {isa = PBXBuildFile; fileRef = D2C33E7A177118BD00DAC202 /* NKNetworkInterface.cpp */; };
		D2C33E7E17711DC000DAC202 /* NKNetworkInterface_Mac.mm in Sources */ = {isa = PBXBuildFile; fileRef = D2C33E7D17711DC000DAC202 /* NKNetworkInterface_Mac.mm */; };
		D2C33E7F17711DC000DAC202 /* NKNetworkInterface_Mac.mm in Sources */ = {isa = PBXBuildFile; fileRef = D2C33E7D17711DC000DAC202 /* NKNetworkInterface_Mac.mm */; };
		D2C33E861771F30B00DAC202 /* NKLog.cpp in Sources */ = {isa = PBXBuildFile; fileRef = D2C33E851771F30B00DAC202 /* NKLog.cpp */; };
		D2C33E871771F30B00DAC202 /* NKLog.cpp in Sources */ = {isa = PBXBuildFile; fileRef = D2C33E851771F30B00DAC202 /* NKLog.cpp */; };
		D2C33E891771F31800DAC202 /* NKLog_Mac.mm in Sources */ = {isa = PBXBuildFile; fileRef = D2C33E881771F31800DAC202 /* NKLog_Mac.mm */; };
		D2C33E8A1771F31800DAC202 /* NKLog_Mac.mm in Sources */ = {isa = PBXBuildFile; fileRef = D2C33E881771F31800DAC202 /* NKLog_Mac.mm */; };
		D2E10009173418D8009938D2 /* NKSmartRef.h in Headers */ = {isa = PBXBuildFile; fileRef = D2E10008173418D8009938D2 /* NKSmartRef.h */; settings = {ATTRIBUTES = (Public, ); }; };
		D2E1000A173418D8009938D2 /* NKSmartRef.h in Headers */ = {isa = PBXBuildFile; fileRef = D2E10008173418D8009938D2 /* NKSmartRef.h */; settings = {ATTRIBUTES = (Public, ); }; };
		D2E1000C173418E5009938D2 /* NKCookie.h in Headers */ = {isa = PBXBuildFile; fileRef = D2E1000B173418E5009938D2 /* NKCookie.h */; settings = {ATTRIBUTES = (Public, ); }; };
		D2E1000D173418E5009938D2 /* NKCookie.h in Headers */ = {isa = PBXBuildFile; fileRef = D2E1000B173418E5009938D2 /* NKCookie.h */; settings = {ATTRIBUTES = (Public, ); }; };
		D2E100161735B583009938D2 /* libssl.dylib in Frameworks */ = {isa = PBXBuildFile; fileRef = D23DF5CB15F7C8D70027A8F1 /* libssl.dylib */; };
		D2E100171735B58A009938D2 /* libcrypto.dylib in Frameworks */ = {isa = PBXBuildFile; fileRef = D23DF5CD15F7C8DF0027A8F1 /* libcrypto.dylib */; };
		D2E25B9A16701A45009C6073 /* NKDatabase.h in Headers */ = {isa = PBXBuildFile; fileRef = D2E25B9516701A45009C6073 /* NKDatabase.h */; settings = {ATTRIBUTES = (Public, ); }; };
		D2E25BA516701A55009C6073 /* NKDatabase_SQLite.cpp in Sources */ = {isa = PBXBuildFile; fileRef = D2E25B9F16701A55009C6073 /* NKDatabase_SQLite.cpp */; };
		D2E25BA616701A55009C6073 /* NKDatabase_SQLite.h in Headers */ = {isa = PBXBuildFile; fileRef = D2E25BA016701A55009C6073 /* NKDatabase_SQLite.h */; };
		D2E25BAE16701C56009C6073 /* libsqlite3.dylib in Frameworks */ = {isa = PBXBuildFile; fileRef = D2E25BAD16701C56009C6073 /* libsqlite3.dylib */; };
/* End PBXBuildFile section */

/* Begin PBXContainerItemProxy section */
		D2365E3115FD909B000B6EE3 /* PBXContainerItemProxy */ = {
			isa = PBXContainerItemProxy;
			containerPortal = D23DF51C15F698390027A8F1 /* Project object */;
			proxyType = 1;
			remoteGlobalIDString = D26F04F215FA5B6A003F7389;
			remoteInfo = uriparser;
		};
		D2365E3315FD909E000B6EE3 /* PBXContainerItemProxy */ = {
			isa = PBXContainerItemProxy;
			containerPortal = D23DF51C15F698390027A8F1 /* Project object */;
			proxyType = 1;
			remoteGlobalIDString = D2740F2F15FBA83E00589649;
			remoteInfo = "http-parser";
		};
		D23DF5B115F6B10A0027A8F1 /* PBXContainerItemProxy */ = {
			isa = PBXContainerItemProxy;
			containerPortal = D23DF51C15F698390027A8F1 /* Project object */;
			proxyType = 1;
			remoteGlobalIDString = D23DF52515F698390027A8F1;
			remoteInfo = NetKit;
		};
		D293E20F1880753300A59668 /* PBXContainerItemProxy */ = {
			isa = PBXContainerItemProxy;
			containerPortal = D23DF51C15F698390027A8F1 /* Project object */;
			proxyType = 1;
			remoteGlobalIDString = D2740F2F15FBA83E00589649;
			remoteInfo = "http-parser";
		};
		D293E2111880753500A59668 /* PBXContainerItemProxy */ = {
			isa = PBXContainerItemProxy;
			containerPortal = D23DF51C15F698390027A8F1 /* Project object */;
			proxyType = 1;
			remoteGlobalIDString = D26F04F215FA5B6A003F7389;
			remoteInfo = uriparser;
		};
/* End PBXContainerItemProxy section */

/* Begin PBXCopyFilesBuildPhase section */
		D23DF59615F6AFCD0027A8F1 /* CopyFiles */ = {
			isa = PBXCopyFilesBuildPhase;
			buildActionMask = 2147483647;
			dstPath = /usr/share/man/man1/;
			dstSubfolderSpec = 0;
			files = (
			);
			runOnlyForDeploymentPostprocessing = 1;
		};
/* End PBXCopyFilesBuildPhase section */

/* Begin PBXFileReference section */
		D2033DC116E1811000DBE69B /* NKOutputFilter.h */ = {isa = PBXFileReference; fileEncoding = 4; lastKnownFileType = sourcecode.c.h; name = NKOutputFilter.h; path = include/NetKit/NKOutputFilter.h; sourceTree = "<group>"; };
		D2033DC216E1811000DBE69B /* NKUnicode.h */ = {isa = PBXFileReference; fileEncoding = 4; lastKnownFileType = sourcecode.c.h; name = NKUnicode.h; path = include/NetKit/NKUnicode.h; sourceTree = "<group>"; };
		D2033DC516E1813C00DBE69B /* NKUnicode.cpp */ = {isa = PBXFileReference; fileEncoding = 4; lastKnownFileType = sourcecode.cpp.cpp; name = NKUnicode.cpp; path = src/NKUnicode.cpp; sourceTree = "<group>"; };
		D20D20FC1608FF2B0037A994 /* NKOAuth.cpp */ = {isa = PBXFileReference; fileEncoding = 4; lastKnownFileType = sourcecode.cpp.cpp; name = NKOAuth.cpp; path = src/NKOAuth.cpp; sourceTree = "<group>"; };
		D20D21031608FF4F0037A994 /* NKOAuth.h */ = {isa = PBXFileReference; fileEncoding = 4; lastKnownFileType = sourcecode.c.h; name = NKOAuth.h; path = include/NetKit/NKOAuth.h; sourceTree = "<group>"; };
		D20ED12F16D8379900177887 /* NKRunLoop_Mac.h */ = {isa = PBXFileReference; fileEncoding = 4; lastKnownFileType = sourcecode.c.h; name = NKRunLoop_Mac.h; path = src/Mac/NKRunLoop_Mac.h; sourceTree = "<group>"; };
		D20ED13016D8379900177887 /* NKRunLoop_Mac.mm */ = {isa = PBXFileReference; fileEncoding = 4; lastKnownFileType = sourcecode.cpp.objcpp; name = NKRunLoop_Mac.mm; path = src/Mac/NKRunLoop_Mac.mm; sourceTree = "<group>"; };
		D20ED13316DB123300177887 /* NKProxy.h */ = {isa = PBXFileReference; fileEncoding = 4; lastKnownFileType = sourcecode.c.h; name = NKProxy.h; path = include/NetKit/NKProxy.h; sourceTree = "<group>"; };
		D20ED13516DB123B00177887 /* NKProxy.cpp */ = {isa = PBXFileReference; fileEncoding = 4; lastKnownFileType = sourcecode.cpp.cpp; name = NKProxy.cpp; path = src/NKProxy.cpp; sourceTree = "<group>"; };
		D20ED13D16DC0E9C00177887 /* SecurityFoundation.framework */ = {isa = PBXFileReference; lastKnownFileType = wrapper.framework; name = SecurityFoundation.framework; path = System/Library/Frameworks/SecurityFoundation.framework; sourceTree = SDKROOT; };
		D20ED13F16DC0EF200177887 /* CoreServices.framework */ = {isa = PBXFileReference; lastKnownFileType = wrapper.framework; name = CoreServices.framework; path = System/Library/Frameworks/CoreServices.framework; sourceTree = SDKROOT; };
		D21A369317761E28003F80FF /* test_proxy.cpp */ = {isa = PBXFileReference; fileEncoding = 4; lastKnownFileType = sourcecode.cpp.cpp; name = test_proxy.cpp; path = tests/test_proxy.cpp; sourceTree = SOURCE_ROOT; };
		D223BA3B1717336E000C2C44 /* NKWebSocket.h */ = {isa = PBXFileReference; fileEncoding = 4; lastKnownFileType = sourcecode.c.h; name = NKWebSocket.h; path = include/NetKit/NKWebSocket.h; sourceTree = "<group>"; };
		D223BA3E1717338A000C2C44 /* NKWebSocket.cpp */ = {isa = PBXFileReference; fileEncoding = 4; lastKnownFileType = sourcecode.cpp.cpp; name = NKWebSocket.cpp; path = src/NKWebSocket.cpp; sourceTree = "<group>"; };
		D223BA4A1718C706000C2C44 /* NKTLS.h */ = {isa = PBXFileReference; fileEncoding = 4; lastKnownFileType = sourcecode.c.h; name = NKTLS.h; path = include/NetKit/NKTLS.h; sourceTree = "<group>"; };
		D223BA4D1718C715000C2C44 /* NKTLS.cpp */ = {isa = PBXFileReference; fileEncoding = 4; lastKnownFileType = sourcecode.cpp.cpp; name = NKTLS.cpp; path = src/NKTLS.cpp; sourceTree = "<group>"; };
		D223BA501718CFAE000C2C44 /* NKEndpoint.h */ = {isa = PBXFileReference; fileEncoding = 4; lastKnownFileType = sourcecode.c.h; name = NKEndpoint.h; path = include/NetKit/NKEndpoint.h; sourceTree = "<group>"; };
		D223BA531718CFBA000C2C44 /* NKEndpoint.cpp */ = {isa = PBXFileReference; fileEncoding = 4; lastKnownFileType = sourcecode.cpp.cpp; name = NKEndpoint.cpp; path = src/NKEndpoint.cpp; sourceTree = "<group>"; };
		D229D729171E02A800CC8A4F /* test_ssl.cpp */ = {isa = PBXFileReference; fileEncoding = 4; lastKnownFileType = sourcecode.cpp.cpp; name = test_ssl.cpp; path = tests/test_ssl.cpp; sourceTree = SOURCE_ROOT; };
		D2365E3915FD9515000B6EE3 /* Uri.h */ = {isa = PBXFileReference; fileEncoding = 4; lastKnownFileType = sourcecode.c.h; name = Uri.h; path = ThirdParty/uriparser/include/uriparser/Uri.h; sourceTree = "<group>"; };
		D2365E3A15FD9515000B6EE3 /* UriBase.h */ = {isa = PBXFileReference; fileEncoding = 4; lastKnownFileType = sourcecode.c.h; name = UriBase.h; path = ThirdParty/uriparser/include/uriparser/UriBase.h; sourceTree = "<group>"; };
		D2365E3B15FD9515000B6EE3 /* UriDefsAnsi.h */ = {isa = PBXFileReference; fileEncoding = 4; lastKnownFileType = sourcecode.c.h; name = UriDefsAnsi.h; path = ThirdParty/uriparser/include/uriparser/UriDefsAnsi.h; sourceTree = "<group>"; };
		D2365E3C15FD9515000B6EE3 /* UriDefsConfig.h */ = {isa = PBXFileReference; fileEncoding = 4; lastKnownFileType = sourcecode.c.h; name = UriDefsConfig.h; path = ThirdParty/uriparser/include/uriparser/UriDefsConfig.h; sourceTree = "<group>"; };
		D2365E3D15FD9515000B6EE3 /* UriDefsUnicode.h */ = {isa = PBXFileReference; fileEncoding = 4; lastKnownFileType = sourcecode.c.h; name = UriDefsUnicode.h; path = ThirdParty/uriparser/include/uriparser/UriDefsUnicode.h; sourceTree = "<group>"; };
		D2365E3E15FD9515000B6EE3 /* UriIp4.h */ = {isa = PBXFileReference; fileEncoding = 4; lastKnownFileType = sourcecode.c.h; name = UriIp4.h; path = ThirdParty/uriparser/include/uriparser/UriIp4.h; sourceTree = "<group>"; };
		D239D37E16D69451007FB101 /* NKSink.h */ = {isa = PBXFileReference; fileEncoding = 4; lastKnownFileType = sourcecode.c.h; name = NKSink.h; path = include/NetKit/NKSink.h; sourceTree = "<group>"; };
		D239D37F16D69451007FB101 /* NKSource.h */ = {isa = PBXFileReference; fileEncoding = 4; lastKnownFileType = sourcecode.c.h; name = NKSource.h; path = include/NetKit/NKSource.h; sourceTree = "<group>"; };
		D239D38216D6A8B2007FB101 /* NKSink.cpp */ = {isa = PBXFileReference; fileEncoding = 4; lastKnownFileType = sourcecode.cpp.cpp; name = NKSink.cpp; path = src/NKSink.cpp; sourceTree = "<group>"; };
		D239D38316D6A8B2007FB101 /* NKSource.cpp */ = {isa = PBXFileReference; fileEncoding = 4; lastKnownFileType = sourcecode.cpp.cpp; name = NKSource.cpp; path = src/NKSource.cpp; sourceTree = "<group>"; };
		D23DF52615F698390027A8F1 /* NetKit.framework */ = {isa = PBXFileReference; explicitFileType = wrapper.framework; includeInIndex = 0; path = NetKit.framework; sourceTree = BUILT_PRODUCTS_DIR; };
		D23DF52E15F698390027A8F1 /* Foundation.framework */ = {isa = PBXFileReference; lastKnownFileType = wrapper.framework; name = Foundation.framework; path = System/Library/Frameworks/Foundation.framework; sourceTree = SDKROOT; };
		D23DF53115F698390027A8F1 /* Info.plist */ = {isa = PBXFileReference; lastKnownFileType = text.plist; path = Info.plist; sourceTree = "<group>"; };
		D23DF53315F698390027A8F1 /* en */ = {isa = PBXFileReference; lastKnownFileType = text.plist.strings; name = en; path = en.lproj/InfoPlist.strings; sourceTree = "<group>"; };
		D23DF54715F698F90027A8F1 /* NKError.h */ = {isa = PBXFileReference; fileEncoding = 4; lastKnownFileType = sourcecode.c.h; name = NKError.h; path = include/NetKit/NKError.h; sourceTree = "<group>"; };
		D23DF54A15F698F90027A8F1 /* NKHTTP.h */ = {isa = PBXFileReference; fileEncoding = 4; lastKnownFileType = sourcecode.c.h; name = NKHTTP.h; path = include/NetKit/NKHTTP.h; sourceTree = "<group>"; };
		D23DF54B15F698F90027A8F1 /* NKAddress.cpp */ = {isa = PBXFileReference; fileEncoding = 4; lastKnownFileType = sourcecode.cpp.cpp; name = NKAddress.cpp; path = src/NKAddress.cpp; sourceTree = "<group>"; };
		D23DF54C15F698F90027A8F1 /* NKAddress.h */ = {isa = PBXFileReference; fileEncoding = 4; lastKnownFileType = sourcecode.c.h; name = NKAddress.h; path = include/NetKit/NKAddress.h; sourceTree = "<group>"; };
		D23DF55015F698F90027A8F1 /* NKObject.cpp */ = {isa = PBXFileReference; fileEncoding = 4; lastKnownFileType = sourcecode.cpp.cpp; name = NKObject.cpp; path = src/NKObject.cpp; sourceTree = "<group>"; };
		D23DF55115F698F90027A8F1 /* NKObject.h */ = {isa = PBXFileReference; fileEncoding = 4; lastKnownFileType = sourcecode.c.h; name = NKObject.h; path = include/NetKit/NKObject.h; sourceTree = "<group>"; };
		D23DF55815F698F90027A8F1 /* NKSocket.h */ = {isa = PBXFileReference; fileEncoding = 4; lastKnownFileType = sourcecode.c.h; name = NKSocket.h; path = include/NetKit/NKSocket.h; sourceTree = "<group>"; };
		D23DF57D15F69D1E0027A8F1 /* CoreFoundation.framework */ = {isa = PBXFileReference; lastKnownFileType = wrapper.framework; name = CoreFoundation.framework; path = System/Library/Frameworks/CoreFoundation.framework; sourceTree = SDKROOT; };
		D23DF58715F69F980027A8F1 /* NKLog.h */ = {isa = PBXFileReference; fileEncoding = 4; lastKnownFileType = sourcecode.c.h; name = NKLog.h; path = include/NetKit/NKLog.h; sourceTree = "<group>"; };
		D23DF58F15F6AC530027A8F1 /* SystemConfiguration.framework */ = {isa = PBXFileReference; lastKnownFileType = wrapper.framework; name = SystemConfiguration.framework; path = System/Library/Frameworks/SystemConfiguration.framework; sourceTree = SDKROOT; };
		D23DF59115F6AC920027A8F1 /* IOKit.framework */ = {isa = PBXFileReference; lastKnownFileType = wrapper.framework; name = IOKit.framework; path = System/Library/Frameworks/IOKit.framework; sourceTree = SDKROOT; };
		D23DF59815F6AFCD0027A8F1 /* UnitTests */ = {isa = PBXFileReference; explicitFileType = "compiled.mach-o.executable"; includeInIndex = 0; path = UnitTests; sourceTree = BUILT_PRODUCTS_DIR; };
		D23DF59B15F6AFCD0027A8F1 /* main.cpp */ = {isa = PBXFileReference; lastKnownFileType = sourcecode.cpp.cpp; name = main.cpp; path = tests/main.cpp; sourceTree = SOURCE_ROOT; };
		D23DF5A215F6B03B0027A8F1 /* catch.hpp */ = {isa = PBXFileReference; fileEncoding = 4; lastKnownFileType = sourcecode.cpp.h; name = catch.hpp; path = tests/catch.hpp; sourceTree = SOURCE_ROOT; };
		D23DF5BF15F6D5490027A8F1 /* NKSocket.cpp */ = {isa = PBXFileReference; fileEncoding = 4; lastKnownFileType = sourcecode.cpp.cpp; name = NKSocket.cpp; path = src/NKSocket.cpp; sourceTree = "<group>"; };
		D23DF5CB15F7C8D70027A8F1 /* libssl.dylib */ = {isa = PBXFileReference; lastKnownFileType = "compiled.mach-o.dylib"; name = libssl.dylib; path = usr/lib/libssl.dylib; sourceTree = SDKROOT; };
		D23DF5CD15F7C8DF0027A8F1 /* libcrypto.dylib */ = {isa = PBXFileReference; lastKnownFileType = "compiled.mach-o.dylib"; name = libcrypto.dylib; path = usr/lib/libcrypto.dylib; sourceTree = SDKROOT; };
		D23DF5D115F922160027A8F1 /* NKString.h */ = {isa = PBXFileReference; fileEncoding = 4; lastKnownFileType = sourcecode.c.h; name = NKString.h; path = include/NetKit/NKString.h; sourceTree = "<group>"; };
		D23DF5D215F922170027A8F1 /* NKHTTP.cpp */ = {isa = PBXFileReference; fileEncoding = 4; lastKnownFileType = sourcecode.cpp.cpp; name = NKHTTP.cpp; path = src/NKHTTP.cpp; sourceTree = "<group>"; };
		D23DF5D715F964C10027A8F1 /* NKURI.cpp */ = {isa = PBXFileReference; fileEncoding = 4; lastKnownFileType = sourcecode.cpp.cpp; name = NKURI.cpp; path = src/NKURI.cpp; sourceTree = "<group>"; };
		D23DF5D815F964C20027A8F1 /* NKURI.h */ = {isa = PBXFileReference; fileEncoding = 4; lastKnownFileType = sourcecode.c.h; name = NKURI.h; path = include/NetKit/NKURI.h; sourceTree = "<group>"; };
		D254EFB916C43DA500851E44 /* NKExpected.h */ = {isa = PBXFileReference; fileEncoding = 4; lastKnownFileType = sourcecode.c.h; name = NKExpected.h; path = include/NetKit/NKExpected.h; sourceTree = "<group>"; };
		D254EFBA16C43DA500851E44 /* NKJSON.h */ = {isa = PBXFileReference; fileEncoding = 4; lastKnownFileType = sourcecode.c.h; name = NKJSON.h; path = include/NetKit/NKJSON.h; sourceTree = "<group>"; };
		D254EFBB16C43DA500851E44 /* NKPlatform.h */ = {isa = PBXFileReference; fileEncoding = 4; lastKnownFileType = sourcecode.c.h; name = NKPlatform.h; path = include/NetKit/NKPlatform.h; sourceTree = "<group>"; };
		D254EFBC16C43DA500851E44 /* NKRunLoop.h */ = {isa = PBXFileReference; fileEncoding = 4; lastKnownFileType = sourcecode.c.h; name = NKRunLoop.h; path = include/NetKit/NKRunLoop.h; sourceTree = "<group>"; };
		D254EFC316C43DB500851E44 /* NKJSON.cpp */ = {isa = PBXFileReference; fileEncoding = 4; lastKnownFileType = sourcecode.cpp.cpp; name = NKJSON.cpp; path = src/NKJSON.cpp; sourceTree = "<group>"; };
		D2597C041725E5BB00FD3D63 /* NKIntrusiveList.h */ = {isa = PBXFileReference; fileEncoding = 4; lastKnownFileType = sourcecode.c.h; name = NKIntrusiveList.h; path = include/NetKit/NKIntrusiveList.h; sourceTree = "<group>"; };
		D26B0EA316F7C652008379E0 /* libNetKit.a */ = {isa = PBXFileReference; explicitFileType = archive.ar; includeInIndex = 0; path = libNetKit.a; sourceTree = BUILT_PRODUCTS_DIR; };
		D26F04F315FA5B6A003F7389 /* liburiparser.a */ = {isa = PBXFileReference; explicitFileType = archive.ar; includeInIndex = 0; path = liburiparser.a; sourceTree = BUILT_PRODUCTS_DIR; };
		D26F04F815FA5BA5003F7389 /* UriCommon.c */ = {isa = PBXFileReference; fileEncoding = 4; lastKnownFileType = sourcecode.c.c; name = UriCommon.c; path = ThirdParty/uriparser/src/UriCommon.c; sourceTree = "<group>"; };
		D26F04F915FA5BA5003F7389 /* UriCommon.h */ = {isa = PBXFileReference; fileEncoding = 4; lastKnownFileType = sourcecode.c.h; name = UriCommon.h; path = ThirdParty/uriparser/src/UriCommon.h; sourceTree = "<group>"; };
		D26F04FA15FA5BA5003F7389 /* UriCompare.c */ = {isa = PBXFileReference; fileEncoding = 4; lastKnownFileType = sourcecode.c.c; name = UriCompare.c; path = ThirdParty/uriparser/src/UriCompare.c; sourceTree = "<group>"; };
		D26F04FB15FA5BA5003F7389 /* UriEscape.c */ = {isa = PBXFileReference; fileEncoding = 4; lastKnownFileType = sourcecode.c.c; name = UriEscape.c; path = ThirdParty/uriparser/src/UriEscape.c; sourceTree = "<group>"; };
		D26F04FC15FA5BA5003F7389 /* UriFile.c */ = {isa = PBXFileReference; fileEncoding = 4; lastKnownFileType = sourcecode.c.c; name = UriFile.c; path = ThirdParty/uriparser/src/UriFile.c; sourceTree = "<group>"; };
		D26F04FD15FA5BA5003F7389 /* UriIp4.c */ = {isa = PBXFileReference; fileEncoding = 4; lastKnownFileType = sourcecode.c.c; name = UriIp4.c; path = ThirdParty/uriparser/src/UriIp4.c; sourceTree = "<group>"; };
		D26F04FE15FA5BA5003F7389 /* UriIp4Base.c */ = {isa = PBXFileReference; fileEncoding = 4; lastKnownFileType = sourcecode.c.c; name = UriIp4Base.c; path = ThirdParty/uriparser/src/UriIp4Base.c; sourceTree = "<group>"; };
		D26F04FF15FA5BA5003F7389 /* UriIp4Base.h */ = {isa = PBXFileReference; fileEncoding = 4; lastKnownFileType = sourcecode.c.h; name = UriIp4Base.h; path = ThirdParty/uriparser/src/UriIp4Base.h; sourceTree = "<group>"; };
		D26F050015FA5BA5003F7389 /* UriNormalize.c */ = {isa = PBXFileReference; fileEncoding = 4; lastKnownFileType = sourcecode.c.c; name = UriNormalize.c; path = ThirdParty/uriparser/src/UriNormalize.c; sourceTree = "<group>"; };
		D26F050115FA5BA5003F7389 /* UriNormalizeBase.c */ = {isa = PBXFileReference; fileEncoding = 4; lastKnownFileType = sourcecode.c.c; name = UriNormalizeBase.c; path = ThirdParty/uriparser/src/UriNormalizeBase.c; sourceTree = "<group>"; };
		D26F050215FA5BA5003F7389 /* UriNormalizeBase.h */ = {isa = PBXFileReference; fileEncoding = 4; lastKnownFileType = sourcecode.c.h; name = UriNormalizeBase.h; path = ThirdParty/uriparser/src/UriNormalizeBase.h; sourceTree = "<group>"; };
		D26F050315FA5BA5003F7389 /* UriParse.c */ = {isa = PBXFileReference; fileEncoding = 4; lastKnownFileType = sourcecode.c.c; name = UriParse.c; path = ThirdParty/uriparser/src/UriParse.c; sourceTree = "<group>"; };
		D26F050415FA5BA5003F7389 /* UriParseBase.c */ = {isa = PBXFileReference; fileEncoding = 4; lastKnownFileType = sourcecode.c.c; name = UriParseBase.c; path = ThirdParty/uriparser/src/UriParseBase.c; sourceTree = "<group>"; };
		D26F050515FA5BA5003F7389 /* UriParseBase.h */ = {isa = PBXFileReference; fileEncoding = 4; lastKnownFileType = sourcecode.c.h; name = UriParseBase.h; path = ThirdParty/uriparser/src/UriParseBase.h; sourceTree = "<group>"; };
		D26F050615FA5BA5003F7389 /* UriQuery.c */ = {isa = PBXFileReference; fileEncoding = 4; lastKnownFileType = sourcecode.c.c; name = UriQuery.c; path = ThirdParty/uriparser/src/UriQuery.c; sourceTree = "<group>"; };
		D26F050715FA5BA5003F7389 /* UriRecompose.c */ = {isa = PBXFileReference; fileEncoding = 4; lastKnownFileType = sourcecode.c.c; name = UriRecompose.c; path = ThirdParty/uriparser/src/UriRecompose.c; sourceTree = "<group>"; };
		D26F050815FA5BA5003F7389 /* UriResolve.c */ = {isa = PBXFileReference; fileEncoding = 4; lastKnownFileType = sourcecode.c.c; name = UriResolve.c; path = ThirdParty/uriparser/src/UriResolve.c; sourceTree = "<group>"; };
		D26F050915FA5BA5003F7389 /* UriShorten.c */ = {isa = PBXFileReference; fileEncoding = 4; lastKnownFileType = sourcecode.c.c; name = UriShorten.c; path = ThirdParty/uriparser/src/UriShorten.c; sourceTree = "<group>"; };
		D2740F2815FBA45900589649 /* NKBase64.cpp */ = {isa = PBXFileReference; fileEncoding = 4; lastKnownFileType = sourcecode.cpp.cpp; name = NKBase64.cpp; path = src/NKBase64.cpp; sourceTree = "<group>"; };
		D2740F2915FBA45900589649 /* NKBase64.h */ = {isa = PBXFileReference; fileEncoding = 4; lastKnownFileType = sourcecode.c.h; name = NKBase64.h; path = include/NetKit/NKBase64.h; sourceTree = "<group>"; };
		D2740F3015FBA83E00589649 /* libhttp-parser.a */ = {isa = PBXFileReference; explicitFileType = archive.ar; includeInIndex = 0; path = "libhttp-parser.a"; sourceTree = BUILT_PRODUCTS_DIR; };
		D2740F3515FBA85A00589649 /* http_parser.c */ = {isa = PBXFileReference; fileEncoding = 4; lastKnownFileType = sourcecode.c.c; name = http_parser.c; path = "ThirdParty/http-parser/http_parser.c"; sourceTree = "<group>"; };
		D2740F3615FBA85A00589649 /* http_parser.h */ = {isa = PBXFileReference; fileEncoding = 4; lastKnownFileType = sourcecode.c.h; name = http_parser.h; path = "ThirdParty/http-parser/http_parser.h"; sourceTree = "<group>"; };
		D2740F3C15FBAA8600589649 /* NetKit.h */ = {isa = PBXFileReference; fileEncoding = 4; lastKnownFileType = sourcecode.c.h; name = NetKit.h; path = include/NetKit/NetKit.h; sourceTree = "<group>"; };
		D28BEE211739AEEE00BD7587 /* NKSHA1.h */ = {isa = PBXFileReference; fileEncoding = 4; lastKnownFileType = sourcecode.c.h; name = NKSHA1.h; path = include/NetKit/NKSHA1.h; sourceTree = "<group>"; };
		D28BEE221739AEEE00BD7587 /* NKUUID.h */ = {isa = PBXFileReference; fileEncoding = 4; lastKnownFileType = sourcecode.c.h; name = NKUUID.h; path = include/NetKit/NKUUID.h; sourceTree = "<group>"; };
		D28BEE271739AEFB00BD7587 /* NKSHA1.cpp */ = {isa = PBXFileReference; fileEncoding = 4; lastKnownFileType = sourcecode.cpp.cpp; name = NKSHA1.cpp; path = src/NKSHA1.cpp; sourceTree = "<group>"; };
		D28BEE281739AEFB00BD7587 /* NKUUID.cpp */ = {isa = PBXFileReference; fileEncoding = 4; lastKnownFileType = sourcecode.cpp.cpp; name = NKUUID.cpp; path = src/NKUUID.cpp; sourceTree = "<group>"; };
		D28BEE2D1739AF2A00BD7587 /* test_address.cpp */ = {isa = PBXFileReference; fileEncoding = 4; lastKnownFileType = sourcecode.cpp.cpp; name = test_address.cpp; path = tests/test_address.cpp; sourceTree = SOURCE_ROOT; };
		D28BEE2E1739AF2A00BD7587 /* test_http.cpp */ = {isa = PBXFileReference; fileEncoding = 4; lastKnownFileType = sourcecode.cpp.cpp; name = test_http.cpp; path = tests/test_http.cpp; sourceTree = SOURCE_ROOT; };
		D28BEE2F1739AF2A00BD7587 /* test_json.cpp */ = {isa = PBXFileReference; fileEncoding = 4; lastKnownFileType = sourcecode.cpp.cpp; name = test_json.cpp; path = tests/test_json.cpp; sourceTree = SOURCE_ROOT; };
		D28BEE301739AF2A00BD7587 /* test_uri.cpp */ = {isa = PBXFileReference; fileEncoding = 4; lastKnownFileType = sourcecode.cpp.cpp; name = test_uri.cpp; path = tests/test_uri.cpp; sourceTree = SOURCE_ROOT; };
		D28BEE351739B11500BD7587 /* test_uuid.cpp */ = {isa = PBXFileReference; fileEncoding = 4; lastKnownFileType = sourcecode.cpp.cpp; name = test_uuid.cpp; path = tests/test_uuid.cpp; sourceTree = SOURCE_ROOT; };
		D28BEE371739B18D00BD7587 /* test_ws.cpp */ = {isa = PBXFileReference; fileEncoding = 4; lastKnownFileType = sourcecode.cpp.cpp; name = test_ws.cpp; path = tests/test_ws.cpp; sourceTree = SOURCE_ROOT; };
		D293E21D1880A44E00A59668 /* NKLDAP.cpp */ = {isa = PBXFileReference; fileEncoding = 4; lastKnownFileType = sourcecode.cpp.cpp; name = NKLDAP.cpp; path = src/NKLDAP.cpp; sourceTree = "<group>"; };
		D29B900717A1930700CAE680 /* NKKeychain.h */ = {isa = PBXFileReference; fileEncoding = 4; lastKnownFileType = sourcecode.c.h; name = NKKeychain.h; path = include/NetKit/NKKeychain.h; sourceTree = "<group>"; };
		D29B900817A1930700CAE680 /* NKLDAP.h */ = {isa = PBXFileReference; fileEncoding = 4; lastKnownFileType = sourcecode.c.h; name = NKLDAP.h; path = include/NetKit/NKLDAP.h; sourceTree = "<group>"; };
		D29B900917A1930700CAE680 /* NKStackWalk.h */ = {isa = PBXFileReference; fileEncoding = 4; lastKnownFileType = sourcecode.c.h; name = NKStackWalk.h; path = include/NetKit/NKStackWalk.h; sourceTree = "<group>"; };
		D2A117FF16FCD7CE00FAD80F /* NKComponent.h */ = {isa = PBXFileReference; fileEncoding = 4; lastKnownFileType = sourcecode.c.h; name = NKComponent.h; path = include/NetKit/NKComponent.h; sourceTree = "<group>"; };
		D2A1180016FCD7CE00FAD80F /* NKMIME.h */ = {isa = PBXFileReference; fileEncoding = 4; lastKnownFileType = sourcecode.c.h; name = NKMIME.h; path = include/NetKit/NKMIME.h; sourceTree = "<group>"; };
		D2A1180516FCD7E300FAD80F /* NKComponent.cpp */ = {isa = PBXFileReference; fileEncoding = 4; lastKnownFileType = sourcecode.cpp.cpp; name = NKComponent.cpp; path = src/NKComponent.cpp; sourceTree = "<group>"; };
		D2A1180616FCD7E300FAD80F /* NKMIME.cpp */ = {isa = PBXFileReference; fileEncoding = 4; lastKnownFileType = sourcecode.cpp.cpp; name = NKMIME.cpp; path = src/NKMIME.cpp; sourceTree = "<group>"; };
		D2A1180B16FCF1E500FAD80F /* NKConcurrent.h */ = {isa = PBXFileReference; fileEncoding = 4; lastKnownFileType = sourcecode.c.h; name = NKConcurrent.h; path = include/NetKit/NKConcurrent.h; sourceTree = "<group>"; };
		D2A1180E16FD111700FAD80F /* NKPlatform.mm */ = {isa = PBXFileReference; fileEncoding = 4; lastKnownFileType = sourcecode.cpp.objcpp; name = NKPlatform.mm; path = src/Mac/NKPlatform.mm; sourceTree = "<group>"; };
		D2A1F7141883967F00A84298 /* NKApplication.h */ = {isa = PBXFileReference; fileEncoding = 4; lastKnownFileType = sourcecode.c.h; name = NKApplication.h; path = include/NetKit/NKApplication.h; sourceTree = "<group>"; };
		D2A1F7171883968900A84298 /* NKApplication.cpp */ = {isa = PBXFileReference; fileEncoding = 4; lastKnownFileType = sourcecode.cpp.cpp; name = NKApplication.cpp; path = src/NKApplication.cpp; sourceTree = "<group>"; };
		D2A8BA40162BC0B900D0C09A /* libxml2.dylib */ = {isa = PBXFileReference; lastKnownFileType = "compiled.mach-o.dylib"; name = libxml2.dylib; path = usr/lib/libxml2.dylib; sourceTree = SDKROOT; };
		D2B09C78170238C9002EE020 /* NKError.cpp */ = {isa = PBXFileReference; fileEncoding = 4; lastKnownFileType = sourcecode.cpp.cpp; name = NKError.cpp; path = src/NKError.cpp; sourceTree = "<group>"; };
		D2C33E74177118A800DAC202 /* NKMacros.h */ = {isa = PBXFileReference; fileEncoding = 4; lastKnownFileType = sourcecode.c.h; name = NKMacros.h; path = include/NetKit/NKMacros.h; sourceTree = "<group>"; };
		D2C33E75177118A800DAC202 /* NKNetworkInterface.h */ = {isa = PBXFileReference; fileEncoding = 4; lastKnownFileType = sourcecode.c.h; name = NKNetworkInterface.h; path = include/NetKit/NKNetworkInterface.h; sourceTree = "<group>"; };
		D2C33E7A177118BD00DAC202 /* NKNetworkInterface.cpp */ = {isa = PBXFileReference; fileEncoding = 4; lastKnownFileType = sourcecode.cpp.cpp; name = NKNetworkInterface.cpp; path = src/NKNetworkInterface.cpp; sourceTree = "<group>"; };
		D2C33E7D17711DC000DAC202 /* NKNetworkInterface_Mac.mm */ = {isa = PBXFileReference; fileEncoding = 4; lastKnownFileType = sourcecode.cpp.objcpp; name = NKNetworkInterface_Mac.mm; path = src/Mac/NKNetworkInterface_Mac.mm; sourceTree = "<group>"; };
		D2C33E851771F30B00DAC202 /* NKLog.cpp */ = {isa = PBXFileReference; fileEncoding = 4; lastKnownFileType = sourcecode.cpp.cpp; name = NKLog.cpp; path = src/NKLog.cpp; sourceTree = "<group>"; };
		D2C33E881771F31800DAC202 /* NKLog_Mac.mm */ = {isa = PBXFileReference; fileEncoding = 4; lastKnownFileType = sourcecode.cpp.objcpp; name = NKLog_Mac.mm; path = src/Mac/NKLog_Mac.mm; sourceTree = "<group>"; };
		D2E10008173418D8009938D2 /* NKSmartRef.h */ = {isa = PBXFileReference; fileEncoding = 4; lastKnownFileType = sourcecode.c.h; name = NKSmartRef.h; path = include/NetKit/NKSmartRef.h; sourceTree = "<group>"; };
		D2E1000B173418E5009938D2 /* NKCookie.h */ = {isa = PBXFileReference; fileEncoding = 4; lastKnownFileType = sourcecode.c.h; name = NKCookie.h; path = include/NetKit/NKCookie.h; sourceTree = "<group>"; };
		D2E25B9516701A45009C6073 /* NKDatabase.h */ = {isa = PBXFileReference; fileEncoding = 4; lastKnownFileType = sourcecode.c.h; name = NKDatabase.h; path = include/NetKit/NKDatabase.h; sourceTree = "<group>"; };
		D2E25B9F16701A55009C6073 /* NKDatabase_SQLite.cpp */ = {isa = PBXFileReference; fileEncoding = 4; lastKnownFileType = sourcecode.cpp.cpp; name = NKDatabase_SQLite.cpp; path = src/NKDatabase_SQLite.cpp; sourceTree = "<group>"; };
		D2E25BA016701A55009C6073 /* NKDatabase_SQLite.h */ = {isa = PBXFileReference; fileEncoding = 4; lastKnownFileType = sourcecode.c.h; name = NKDatabase_SQLite.h; path = src/NKDatabase_SQLite.h; sourceTree = "<group>"; };
		D2E25BAD16701C56009C6073 /* libsqlite3.dylib */ = {isa = PBXFileReference; lastKnownFileType = "compiled.mach-o.dylib"; name = libsqlite3.dylib; path = usr/lib/libsqlite3.dylib; sourceTree = SDKROOT; };
/* End PBXFileReference section */

/* Begin PBXFrameworksBuildPhase section */
		D23DF52215F698390027A8F1 /* Frameworks */ = {
			isa = PBXFrameworksBuildPhase;
			buildActionMask = 2147483647;
			files = (
				D2E100171735B58A009938D2 /* libcrypto.dylib in Frameworks */,
				D2E100161735B583009938D2 /* libssl.dylib in Frameworks */,
				D20ED14016DC0EF300177887 /* CoreServices.framework in Frameworks */,
				D20ED13E16DC0E9C00177887 /* SecurityFoundation.framework in Frameworks */,
				D2E25BAE16701C56009C6073 /* libsqlite3.dylib in Frameworks */,
				D23DF59215F6AC920027A8F1 /* IOKit.framework in Frameworks */,
				D23DF59015F6AC530027A8F1 /* SystemConfiguration.framework in Frameworks */,
				D23DF57E15F69D1E0027A8F1 /* CoreFoundation.framework in Frameworks */,
				D23DF57C15F69C4F0027A8F1 /* Foundation.framework in Frameworks */,
				D2740F3915FBA87700589649 /* libhttp-parser.a in Frameworks */,
				D26F051C15FA5BFE003F7389 /* liburiparser.a in Frameworks */,
				D2A8BA41162BC0B900D0C09A /* libxml2.dylib in Frameworks */,
			);
			runOnlyForDeploymentPostprocessing = 0;
		};
		D23DF59515F6AFCD0027A8F1 /* Frameworks */ = {
			isa = PBXFrameworksBuildPhase;
			buildActionMask = 2147483647;
			files = (
				D2740F2015FA5FAC00589649 /* CoreFoundation.framework in Frameworks */,
				D23DF5B315F6B1190027A8F1 /* NetKit.framework in Frameworks */,
			);
			runOnlyForDeploymentPostprocessing = 0;
		};
		D26B0EA016F7C652008379E0 /* Frameworks */ = {
			isa = PBXFrameworksBuildPhase;
			buildActionMask = 2147483647;
			files = (
			);
			runOnlyForDeploymentPostprocessing = 0;
		};
		D26F04F015FA5B6A003F7389 /* Frameworks */ = {
			isa = PBXFrameworksBuildPhase;
			buildActionMask = 2147483647;
			files = (
			);
			runOnlyForDeploymentPostprocessing = 0;
		};
		D2740F2D15FBA83E00589649 /* Frameworks */ = {
			isa = PBXFrameworksBuildPhase;
			buildActionMask = 2147483647;
			files = (
			);
			runOnlyForDeploymentPostprocessing = 0;
		};
/* End PBXFrameworksBuildPhase section */

/* Begin PBXGroup section */
		D20ED13B16DB425C00177887 /* XMPP */ = {
			isa = PBXGroup;
			children = (
			);
			name = XMPP;
			sourceTree = "<group>";
		};
		D223BA3A1717293B000C2C44 /* WebSocket */ = {
			isa = PBXGroup;
			children = (
				D223BA3E1717338A000C2C44 /* NKWebSocket.cpp */,
				D223BA3B1717336E000C2C44 /* NKWebSocket.h */,
			);
			name = WebSocket;
			sourceTree = "<group>";
		};
		D23DF51A15F698390027A8F1 = {
			isa = PBXGroup;
			children = (
				D23DF52F15F698390027A8F1 /* NetKit */,
				D23DF59A15F6AFCD0027A8F1 /* tests */,
				D2740F3415FBA84300589649 /* http-parser */,
				D26F04F715FA5B77003F7389 /* uriparser */,
				D23DF52815F698390027A8F1 /* Frameworks */,
				D23DF52715F698390027A8F1 /* Products */,
			);
			sourceTree = "<group>";
		};
		D23DF52715F698390027A8F1 /* Products */ = {
			isa = PBXGroup;
			children = (
				D23DF52615F698390027A8F1 /* NetKit.framework */,
				D23DF59815F6AFCD0027A8F1 /* UnitTests */,
				D26F04F315FA5B6A003F7389 /* liburiparser.a */,
				D2740F3015FBA83E00589649 /* libhttp-parser.a */,
				D26B0EA316F7C652008379E0 /* libNetKit.a */,
			);
			name = Products;
			sourceTree = "<group>";
		};
		D23DF52815F698390027A8F1 /* Frameworks */ = {
			isa = PBXGroup;
			children = (
				D20ED13F16DC0EF200177887 /* CoreServices.framework */,
				D20ED13D16DC0E9C00177887 /* SecurityFoundation.framework */,
				D23DF58F15F6AC530027A8F1 /* SystemConfiguration.framework */,
				D23DF57D15F69D1E0027A8F1 /* CoreFoundation.framework */,
				D23DF52E15F698390027A8F1 /* Foundation.framework */,
				D23DF59115F6AC920027A8F1 /* IOKit.framework */,
				D23DF5CD15F7C8DF0027A8F1 /* libcrypto.dylib */,
				D2E25BAD16701C56009C6073 /* libsqlite3.dylib */,
				D2A8BA40162BC0B900D0C09A /* libxml2.dylib */,
				D23DF5CB15F7C8D70027A8F1 /* libssl.dylib */,
			);
			name = Frameworks;
			sourceTree = "<group>";
		};
		D23DF52F15F698390027A8F1 /* NetKit */ = {
			isa = PBXGroup;
			children = (
				D2E25BAC16701A88009C6073 /* Database */,
				D257A0C316CD73A80003C945 /* HTTP */,
				D254EFC916C43DC300851E44 /* JSON */,
				D2740F3C15FBAA8600589649 /* NetKit.h */,
				D23DF54B15F698F90027A8F1 /* NKAddress.cpp */,
				D23DF54C15F698F90027A8F1 /* NKAddress.h */,
				D2A1F7171883968900A84298 /* NKApplication.cpp */,
				D2A1F7141883967F00A84298 /* NKApplication.h */,
				D2740F2815FBA45900589649 /* NKBase64.cpp */,
				D2740F2915FBA45900589649 /* NKBase64.h */,
				D2A1180516FCD7E300FAD80F /* NKComponent.cpp */,
				D2A117FF16FCD7CE00FAD80F /* NKComponent.h */,
				D2A1180B16FCF1E500FAD80F /* NKConcurrent.h */,
				D2E1000B173418E5009938D2 /* NKCookie.h */,
				D223BA531718CFBA000C2C44 /* NKEndpoint.cpp */,
				D223BA501718CFAE000C2C44 /* NKEndpoint.h */,
				D2B09C78170238C9002EE020 /* NKError.cpp */,
				D23DF54715F698F90027A8F1 /* NKError.h */,
				D254EFB916C43DA500851E44 /* NKExpected.h */,
				D2597C041725E5BB00FD3D63 /* NKIntrusiveList.h */,
				D29B900717A1930700CAE680 /* NKKeychain.h */,
				D293E21D1880A44E00A59668 /* NKLDAP.cpp */,
				D29B900817A1930700CAE680 /* NKLDAP.h */,
				D2C33E851771F30B00DAC202 /* NKLog.cpp */,
				D23DF58715F69F980027A8F1 /* NKLog.h */,
				D2C33E881771F31800DAC202 /* NKLog_Mac.mm */,
				D2C33E74177118A800DAC202 /* NKMacros.h */,
				D2A1180616FCD7E300FAD80F /* NKMIME.cpp */,
				D2A1180016FCD7CE00FAD80F /* NKMIME.h */,
				D2C33E7A177118BD00DAC202 /* NKNetworkInterface.cpp */,
				D2C33E75177118A800DAC202 /* NKNetworkInterface.h */,
				D2C33E7D17711DC000DAC202 /* NKNetworkInterface_Mac.mm */,
				D20D20FC1608FF2B0037A994 /* NKOAuth.cpp */,
				D20D21031608FF4F0037A994 /* NKOAuth.h */,
				D23DF55015F698F90027A8F1 /* NKObject.cpp */,
				D23DF55115F698F90027A8F1 /* NKObject.h */,
				D2033DC116E1811000DBE69B /* NKOutputFilter.h */,
				D254EFBB16C43DA500851E44 /* NKPlatform.h */,
				D2A1180E16FD111700FAD80F /* NKPlatform.mm */,
				D20ED13516DB123B00177887 /* NKProxy.cpp */,
				D20ED13316DB123300177887 /* NKProxy.h */,
				D254EFBC16C43DA500851E44 /* NKRunLoop.h */,
				D20ED12F16D8379900177887 /* NKRunLoop_Mac.h */,
				D20ED13016D8379900177887 /* NKRunLoop_Mac.mm */,
				D28BEE271739AEFB00BD7587 /* NKSHA1.cpp */,
				D28BEE211739AEEE00BD7587 /* NKSHA1.h */,
				D239D38216D6A8B2007FB101 /* NKSink.cpp */,
				D239D37E16D69451007FB101 /* NKSink.h */,
				D2E10008173418D8009938D2 /* NKSmartRef.h */,
				D23DF5BF15F6D5490027A8F1 /* NKSocket.cpp */,
				D23DF55815F698F90027A8F1 /* NKSocket.h */,
				D239D38316D6A8B2007FB101 /* NKSource.cpp */,
				D239D37F16D69451007FB101 /* NKSource.h */,
				D29B900917A1930700CAE680 /* NKStackWalk.h */,
				D23DF5D115F922160027A8F1 /* NKString.h */,
				D223BA4D1718C715000C2C44 /* NKTLS.cpp */,
				D223BA4A1718C706000C2C44 /* NKTLS.h */,
				D2033DC516E1813C00DBE69B /* NKUnicode.cpp */,
				D2033DC216E1811000DBE69B /* NKUnicode.h */,
				D23DF5D715F964C10027A8F1 /* NKURI.cpp */,
				D23DF5D815F964C20027A8F1 /* NKURI.h */,
				D28BEE281739AEFB00BD7587 /* NKUUID.cpp */,
				D28BEE221739AEEE00BD7587 /* NKUUID.h */,
				D23DF53015F698390027A8F1 /* Supporting Files */,
				D223BA3A1717293B000C2C44 /* WebSocket */,
				D20ED13B16DB425C00177887 /* XMPP */,
			);
			name = NetKit;
			sourceTree = "<group>";
		};
		D23DF53015F698390027A8F1 /* Supporting Files */ = {
			isa = PBXGroup;
			children = (
				D23DF53115F698390027A8F1 /* Info.plist */,
				D23DF53215F698390027A8F1 /* InfoPlist.strings */,
			);
			name = "Supporting Files";
			sourceTree = "<group>";
		};
		D23DF59A15F6AFCD0027A8F1 /* tests */ = {
			isa = PBXGroup;
			children = (
				D21A369317761E28003F80FF /* test_proxy.cpp */,
				D28BEE371739B18D00BD7587 /* test_ws.cpp */,
				D28BEE351739B11500BD7587 /* test_uuid.cpp */,
				D28BEE2D1739AF2A00BD7587 /* test_address.cpp */,
				D28BEE2E1739AF2A00BD7587 /* test_http.cpp */,
				D28BEE2F1739AF2A00BD7587 /* test_json.cpp */,
				D28BEE301739AF2A00BD7587 /* test_uri.cpp */,
				D23DF5A215F6B03B0027A8F1 /* catch.hpp */,
				D23DF59B15F6AFCD0027A8F1 /* main.cpp */,
				D229D729171E02A800CC8A4F /* test_ssl.cpp */,
			);
			name = tests;
			path = UnitTests;
			sourceTree = "<group>";
		};
		D254EFC916C43DC300851E44 /* JSON */ = {
			isa = PBXGroup;
			children = (
				D254EFC316C43DB500851E44 /* NKJSON.cpp */,
				D254EFBA16C43DA500851E44 /* NKJSON.h */,
			);
			name = JSON;
			sourceTree = "<group>";
		};
		D257A0C316CD73A80003C945 /* HTTP */ = {
			isa = PBXGroup;
			children = (
				D23DF5D215F922170027A8F1 /* NKHTTP.cpp */,
				D23DF54A15F698F90027A8F1 /* NKHTTP.h */,
			);
			name = HTTP;
			sourceTree = "<group>";
		};
		D26F04F715FA5B77003F7389 /* uriparser */ = {
			isa = PBXGroup;
			children = (
				D2365E3915FD9515000B6EE3 /* Uri.h */,
				D2365E3A15FD9515000B6EE3 /* UriBase.h */,
				D2365E3B15FD9515000B6EE3 /* UriDefsAnsi.h */,
				D2365E3C15FD9515000B6EE3 /* UriDefsConfig.h */,
				D2365E3D15FD9515000B6EE3 /* UriDefsUnicode.h */,
				D2365E3E15FD9515000B6EE3 /* UriIp4.h */,
				D26F04F815FA5BA5003F7389 /* UriCommon.c */,
				D26F04F915FA5BA5003F7389 /* UriCommon.h */,
				D26F04FA15FA5BA5003F7389 /* UriCompare.c */,
				D26F04FB15FA5BA5003F7389 /* UriEscape.c */,
				D26F04FC15FA5BA5003F7389 /* UriFile.c */,
				D26F04FD15FA5BA5003F7389 /* UriIp4.c */,
				D26F04FE15FA5BA5003F7389 /* UriIp4Base.c */,
				D26F04FF15FA5BA5003F7389 /* UriIp4Base.h */,
				D26F050015FA5BA5003F7389 /* UriNormalize.c */,
				D26F050115FA5BA5003F7389 /* UriNormalizeBase.c */,
				D26F050215FA5BA5003F7389 /* UriNormalizeBase.h */,
				D26F050315FA5BA5003F7389 /* UriParse.c */,
				D26F050415FA5BA5003F7389 /* UriParseBase.c */,
				D26F050515FA5BA5003F7389 /* UriParseBase.h */,
				D26F050615FA5BA5003F7389 /* UriQuery.c */,
				D26F050715FA5BA5003F7389 /* UriRecompose.c */,
				D26F050815FA5BA5003F7389 /* UriResolve.c */,
				D26F050915FA5BA5003F7389 /* UriShorten.c */,
			);
			name = uriparser;
			sourceTree = "<group>";
		};
		D2740F3415FBA84300589649 /* http-parser */ = {
			isa = PBXGroup;
			children = (
				D2740F3515FBA85A00589649 /* http_parser.c */,
				D2740F3615FBA85A00589649 /* http_parser.h */,
			);
			name = "http-parser";
			sourceTree = "<group>";
		};
		D2E25BAC16701A88009C6073 /* Database */ = {
			isa = PBXGroup;
			children = (
				D2E25B9516701A45009C6073 /* NKDatabase.h */,
				D2E25BA016701A55009C6073 /* NKDatabase_SQLite.h */,
				D2E25B9F16701A55009C6073 /* NKDatabase_SQLite.cpp */,
			);
			name = Database;
			sourceTree = "<group>";
		};
/* End PBXGroup section */

/* Begin PBXHeadersBuildPhase section */
		D23DF52315F698390027A8F1 /* Headers */ = {
			isa = PBXHeadersBuildPhase;
			buildActionMask = 2147483647;
			files = (
				D23DF55F15F698F90027A8F1 /* NKError.h in Headers */,
				D23DF56215F698F90027A8F1 /* NKHTTP.h in Headers */,
				D23DF56415F698F90027A8F1 /* NKAddress.h in Headers */,
				D23DF56915F698F90027A8F1 /* NKObject.h in Headers */,
				D23DF57015F698F90027A8F1 /* NKSocket.h in Headers */,
				D23DF58815F69F980027A8F1 /* NKLog.h in Headers */,
				D23DF58A15F6A3040027A8F1 /* (null) in Headers */,
				D23DF5D315F922170027A8F1 /* NKString.h in Headers */,
				D23DF5DA15F964C20027A8F1 /* NKURI.h in Headers */,
				D2740F2B15FBA45900589649 /* NKBase64.h in Headers */,
				D2740F3D15FBAA8600589649 /* NetKit.h in Headers */,
				D20D21051608FF4F0037A994 /* NKOAuth.h in Headers */,
				D2E25B9A16701A45009C6073 /* NKDatabase.h in Headers */,
				D2E25BA616701A55009C6073 /* NKDatabase_SQLite.h in Headers */,
				D254EFBE16C43DA500851E44 /* NKExpected.h in Headers */,
				D254EFBF16C43DA500851E44 /* NKJSON.h in Headers */,
				D254EFC016C43DA500851E44 /* NKPlatform.h in Headers */,
				D254EFC116C43DA500851E44 /* NKRunLoop.h in Headers */,
				D239D38016D69451007FB101 /* NKSink.h in Headers */,
				D239D38116D69451007FB101 /* NKSource.h in Headers */,
				D20ED13116D8379900177887 /* NKRunLoop_Mac.h in Headers */,
				D20ED13416DB123300177887 /* NKProxy.h in Headers */,
				D2033DC316E1811000DBE69B /* NKOutputFilter.h in Headers */,
				D2033DC416E1811000DBE69B /* NKUnicode.h in Headers */,
				D2A1180116FCD7CE00FAD80F /* NKComponent.h in Headers */,
				D2A1180316FCD7CE00FAD80F /* NKMIME.h in Headers */,
				D2A1180C16FCF1E500FAD80F /* NKConcurrent.h in Headers */,
				D223BA3C1717336E000C2C44 /* NKWebSocket.h in Headers */,
				D223BA4B1718C706000C2C44 /* NKTLS.h in Headers */,
				D223BA511718CFAE000C2C44 /* NKEndpoint.h in Headers */,
				D2597C051725E5BB00FD3D63 /* NKIntrusiveList.h in Headers */,
				D2E10009173418D8009938D2 /* NKSmartRef.h in Headers */,
				D2E1000C173418E5009938D2 /* NKCookie.h in Headers */,
				D28BEE231739AEEE00BD7587 /* NKSHA1.h in Headers */,
				D28BEE251739AEEE00BD7587 /* NKUUID.h in Headers */,
				D2A1F7151883967F00A84298 /* NKApplication.h in Headers */,
				D2C33E76177118A800DAC202 /* NKMacros.h in Headers */,
				D2C33E78177118A800DAC202 /* NKNetworkInterface.h in Headers */,
				D29B900A17A1930700CAE680 /* NKKeychain.h in Headers */,
				D29B900C17A1930700CAE680 /* NKLDAP.h in Headers */,
				D29B900E17A1930700CAE680 /* NKStackWalk.h in Headers */,
			);
			runOnlyForDeploymentPostprocessing = 0;
		};
		D26B0EA116F7C652008379E0 /* Headers */ = {
			isa = PBXHeadersBuildPhase;
			buildActionMask = 2147483647;
			files = (
				D26B0EA716F7C744008379E0 /* NKString.h in Headers */,
				D26B0EA816F7C744008379E0 /* NetKit.h in Headers */,
				D2A1F7161883967F00A84298 /* NKApplication.h in Headers */,
				D26B0EAA16F7C744008379E0 /* NKBase64.h in Headers */,
				D26B0EAB16F7C744008379E0 /* NKError.h in Headers */,
				D26B0EAC16F7C744008379E0 /* NKExpected.h in Headers */,
				D26B0EAE16F7C744008379E0 /* NKAddress.h in Headers */,
				D26B0EB016F7C744008379E0 /* NKLog.h in Headers */,
				D26B0EB216F7C744008379E0 /* NKOAuth.h in Headers */,
				D26B0EB416F7C744008379E0 /* NKObject.h in Headers */,
				D26B0EB516F7C744008379E0 /* NKOutputFilter.h in Headers */,
				D26B0EB616F7C744008379E0 /* NKPlatform.h in Headers */,
				D26B0EB816F7C744008379E0 /* NKProxy.h in Headers */,
				D26B0EB916F7C744008379E0 /* NKRunLoop.h in Headers */,
				D26B0EBA16F7C744008379E0 /* NKRunLoop_Mac.h in Headers */,
				D26B0EBD16F7C744008379E0 /* NKSink.h in Headers */,
				D26B0EC016F7C744008379E0 /* NKSocket.h in Headers */,
				D26B0EC216F7C744008379E0 /* NKSource.h in Headers */,
				D26B0EC616F7C744008379E0 /* NKUnicode.h in Headers */,
				D26B0EC816F7C744008379E0 /* NKURI.h in Headers */,
				D26B0EC916F7C74C008379E0 /* NKDatabase.h in Headers */,
				D26B0ECA16F7C74C008379E0 /* NKDatabase_SQLite.h in Headers */,
				D26B0ECD16F7C754008379E0 /* NKHTTP.h in Headers */,
				D26B0ED116F7C75C008379E0 /* NKJSON.h in Headers */,
				D2A1180216FCD7CE00FAD80F /* NKComponent.h in Headers */,
				D2A1180416FCD7CE00FAD80F /* NKMIME.h in Headers */,
				D2A1180D16FCF1E500FAD80F /* NKConcurrent.h in Headers */,
				D223BA3D1717336E000C2C44 /* NKWebSocket.h in Headers */,
				D223BA4C1718C706000C2C44 /* NKTLS.h in Headers */,
				D223BA521718CFAE000C2C44 /* NKEndpoint.h in Headers */,
				D2597C061725E5BB00FD3D63 /* NKIntrusiveList.h in Headers */,
				D2E1000A173418D8009938D2 /* NKSmartRef.h in Headers */,
				D2E1000D173418E5009938D2 /* NKCookie.h in Headers */,
				D28BEE241739AEEE00BD7587 /* NKSHA1.h in Headers */,
				D28BEE261739AEEE00BD7587 /* NKUUID.h in Headers */,
				D2C33E77177118A800DAC202 /* NKMacros.h in Headers */,
				D2C33E79177118A800DAC202 /* NKNetworkInterface.h in Headers */,
				D29B900B17A1930700CAE680 /* NKKeychain.h in Headers */,
				D29B900D17A1930700CAE680 /* NKLDAP.h in Headers */,
				D29B900F17A1930700CAE680 /* NKStackWalk.h in Headers */,
			);
			runOnlyForDeploymentPostprocessing = 0;
		};
		D26F04F115FA5B6A003F7389 /* Headers */ = {
			isa = PBXHeadersBuildPhase;
			buildActionMask = 2147483647;
			files = (
				D26F050B15FA5BA5003F7389 /* UriCommon.h in Headers */,
				D26F051115FA5BA5003F7389 /* UriIp4Base.h in Headers */,
				D26F051415FA5BA5003F7389 /* UriNormalizeBase.h in Headers */,
				D26F051715FA5BA5003F7389 /* UriParseBase.h in Headers */,
				D2365E3F15FD9515000B6EE3 /* Uri.h in Headers */,
				D2365E4015FD9515000B6EE3 /* UriBase.h in Headers */,
				D2365E4115FD9515000B6EE3 /* UriDefsAnsi.h in Headers */,
				D2365E4215FD9515000B6EE3 /* UriDefsConfig.h in Headers */,
				D2365E4315FD9515000B6EE3 /* UriDefsUnicode.h in Headers */,
				D2365E4415FD9515000B6EE3 /* UriIp4.h in Headers */,
			);
			runOnlyForDeploymentPostprocessing = 0;
		};
		D2740F2E15FBA83E00589649 /* Headers */ = {
			isa = PBXHeadersBuildPhase;
			buildActionMask = 2147483647;
			files = (
				D2740F3815FBA85A00589649 /* http_parser.h in Headers */,
			);
			runOnlyForDeploymentPostprocessing = 0;
		};
/* End PBXHeadersBuildPhase section */

/* Begin PBXNativeTarget section */
		D23DF52515F698390027A8F1 /* NetKit Framework */ = {
			isa = PBXNativeTarget;
			buildConfigurationList = D23DF53B15F698390027A8F1 /* Build configuration list for PBXNativeTarget "NetKit Framework" */;
			buildPhases = (
				D2D54DF815FD8742004EF217 /* ShellScript */,
				D23DF52115F698390027A8F1 /* Sources */,
				D23DF52215F698390027A8F1 /* Frameworks */,
				D23DF52315F698390027A8F1 /* Headers */,
				D23DF52415F698390027A8F1 /* Resources */,
				D2E25BE116712977009C6073 /* Update Installed Framework */,
			);
			buildRules = (
			);
			dependencies = (
				D2365E3415FD909E000B6EE3 /* PBXTargetDependency */,
				D2365E3215FD909B000B6EE3 /* PBXTargetDependency */,
			);
			name = "NetKit Framework";
			productName = NetKit;
			productReference = D23DF52615F698390027A8F1 /* NetKit.framework */;
			productType = "com.apple.product-type.framework";
		};
		D23DF59715F6AFCD0027A8F1 /* UnitTests */ = {
			isa = PBXNativeTarget;
			buildConfigurationList = D23DF59F15F6AFCD0027A8F1 /* Build configuration list for PBXNativeTarget "UnitTests" */;
			buildPhases = (
				D23DF59415F6AFCD0027A8F1 /* Sources */,
				D23DF59515F6AFCD0027A8F1 /* Frameworks */,
				D23DF59615F6AFCD0027A8F1 /* CopyFiles */,
			);
			buildRules = (
			);
			dependencies = (
				D23DF5B215F6B10A0027A8F1 /* PBXTargetDependency */,
			);
			name = UnitTests;
			productName = UnitTests;
			productReference = D23DF59815F6AFCD0027A8F1 /* UnitTests */;
			productType = "com.apple.product-type.tool";
		};
		D26B0EA216F7C652008379E0 /* NetKit Static Library */ = {
			isa = PBXNativeTarget;
			buildConfigurationList = D26B0EA416F7C652008379E0 /* Build configuration list for PBXNativeTarget "NetKit Static Library" */;
			buildPhases = (
				D26B0E9F16F7C652008379E0 /* Sources */,
				D26B0EA016F7C652008379E0 /* Frameworks */,
				D26B0EA116F7C652008379E0 /* Headers */,
			);
			buildRules = (
			);
			dependencies = (
				D293E2101880753300A59668 /* PBXTargetDependency */,
				D293E2121880753500A59668 /* PBXTargetDependency */,
			);
			name = "NetKit Static Library";
			productName = "NetKit Static Library";
			productReference = D26B0EA316F7C652008379E0 /* libNetKit.a */;
			productType = "com.apple.product-type.library.static";
		};
		D26F04F215FA5B6A003F7389 /* uriparser */ = {
			isa = PBXNativeTarget;
			buildConfigurationList = D26F04F415FA5B6B003F7389 /* Build configuration list for PBXNativeTarget "uriparser" */;
			buildPhases = (
				D2D54DF915FD8F8D004EF217 /* ShellScript */,
				D26F04EF15FA5B6A003F7389 /* Sources */,
				D26F04F015FA5B6A003F7389 /* Frameworks */,
				D26F04F115FA5B6A003F7389 /* Headers */,
			);
			buildRules = (
			);
			dependencies = (
			);
			name = uriparser;
			productName = uriparser;
			productReference = D26F04F315FA5B6A003F7389 /* liburiparser.a */;
			productType = "com.apple.product-type.library.static";
		};
		D2740F2F15FBA83E00589649 /* http-parser */ = {
			isa = PBXNativeTarget;
			buildConfigurationList = D2740F3115FBA83E00589649 /* Build configuration list for PBXNativeTarget "http-parser" */;
			buildPhases = (
				D2365E2F15FD900B000B6EE3 /* ShellScript */,
				D2740F2C15FBA83E00589649 /* Sources */,
				D2740F2D15FBA83E00589649 /* Frameworks */,
				D2740F2E15FBA83E00589649 /* Headers */,
			);
			buildRules = (
			);
			dependencies = (
			);
			name = "http-parser";
			productName = "http-parser";
			productReference = D2740F3015FBA83E00589649 /* libhttp-parser.a */;
			productType = "com.apple.product-type.library.static";
		};
/* End PBXNativeTarget section */

/* Begin PBXProject section */
		D23DF51C15F698390027A8F1 /* Project object */ = {
			isa = PBXProject;
			attributes = {
				LastUpgradeCheck = 0440;
				ORGANIZATIONNAME = "Porchdog Software";
			};
			buildConfigurationList = D23DF51F15F698390027A8F1 /* Build configuration list for PBXProject "NetKit" */;
			compatibilityVersion = "Xcode 3.2";
			developmentRegion = English;
			hasScannedForEncodings = 0;
			knownRegions = (
				en,
			);
			mainGroup = D23DF51A15F698390027A8F1;
			productRefGroup = D23DF52715F698390027A8F1 /* Products */;
			projectDirPath = "";
			projectRoot = "";
			targets = (
				D23DF52515F698390027A8F1 /* NetKit Framework */,
				D26B0EA216F7C652008379E0 /* NetKit Static Library */,
				D23DF59715F6AFCD0027A8F1 /* UnitTests */,
				D26F04F215FA5B6A003F7389 /* uriparser */,
				D2740F2F15FBA83E00589649 /* http-parser */,
			);
		};
/* End PBXProject section */

/* Begin PBXResourcesBuildPhase section */
		D23DF52415F698390027A8F1 /* Resources */ = {
			isa = PBXResourcesBuildPhase;
			buildActionMask = 2147483647;
			files = (
				D23DF53415F698390027A8F1 /* InfoPlist.strings in Resources */,
			);
			runOnlyForDeploymentPostprocessing = 0;
		};
/* End PBXResourcesBuildPhase section */

/* Begin PBXShellScriptBuildPhase section */
		D2365E2F15FD900B000B6EE3 /* ShellScript */ = {
			isa = PBXShellScriptBuildPhase;
			buildActionMask = 2147483647;
			files = (
			);
			inputPaths = (
			);
			outputPaths = (
			);
			runOnlyForDeploymentPostprocessing = 0;
			shellPath = /bin/sh;
			shellScript = "if [ ! -d ThirdParty/http-parser ]\nthen\n    git clone git://github.com/joyent/http-parser.git ThirdParty/http-parser\nfi";
		};
		D2D54DF815FD8742004EF217 /* ShellScript */ = {
			isa = PBXShellScriptBuildPhase;
			buildActionMask = 2147483647;
			files = (
			);
			inputPaths = (
			);
			outputPaths = (
			);
			runOnlyForDeploymentPostprocessing = 0;
			shellPath = /bin/sh;
			shellScript = "";
		};
		D2D54DF915FD8F8D004EF217 /* ShellScript */ = {
			isa = PBXShellScriptBuildPhase;
			buildActionMask = 2147483647;
			files = (
			);
			inputPaths = (
			);
			outputPaths = (
			);
			runOnlyForDeploymentPostprocessing = 0;
			shellPath = /bin/sh;
			shellScript = "if [ ! -d ThirdParty/uriparser ]\nthen\n    git clone git://uriparser.git.sourceforge.net/gitroot/uriparser/uriparser ThirdParty/uriparser\nfi";
		};
		D2E25BE116712977009C6073 /* Update Installed Framework */ = {
			isa = PBXShellScriptBuildPhase;
			buildActionMask = 2147483647;
			files = (
			);
			inputPaths = (
			);
			name = "Update Installed Framework";
			outputPaths = (
			);
			runOnlyForDeploymentPostprocessing = 0;
			shellPath = /bin/sh;
			shellScript = "SUDO_ASKPASS=~/.password.sh\nexport SUDO_ASKPASS\nsudo -A /usr/bin/rsync -av \"$BUILT_PRODUCTS_DIR/NetKit.framework\" /Library/Frameworks/\n";
		};
/* End PBXShellScriptBuildPhase section */

/* Begin PBXSourcesBuildPhase section */
		D23DF52115F698390027A8F1 /* Sources */ = {
			isa = PBXSourcesBuildPhase;
			buildActionMask = 2147483647;
			files = (
				D23DF56815F698F90027A8F1 /* NKObject.cpp in Sources */,
				D23DF5C215F6D5490027A8F1 /* NKSocket.cpp in Sources */,
				D23DF5D415F922170027A8F1 /* NKHTTP.cpp in Sources */,
				D23DF5D915F964C20027A8F1 /* NKURI.cpp in Sources */,
				D2740F2A15FBA45900589649 /* NKBase64.cpp in Sources */,
				D20D20FF1608FF2B0037A994 /* NKOAuth.cpp in Sources */,
				D2E25BA516701A55009C6073 /* NKDatabase_SQLite.cpp in Sources */,
				D254EFC616C43DB500851E44 /* NKJSON.cpp in Sources */,
				D239D38416D6A8B2007FB101 /* NKSink.cpp in Sources */,
				D239D38516D6A8B2007FB101 /* NKSource.cpp in Sources */,
				D20ED13216D8379900177887 /* NKRunLoop_Mac.mm in Sources */,
				D20ED13616DB123C00177887 /* NKProxy.cpp in Sources */,
				D2033DC616E1813C00DBE69B /* NKUnicode.cpp in Sources */,
				D293E21E1880A44E00A59668 /* NKLDAP.cpp in Sources */,
				D2A1180716FCD7E300FAD80F /* NKComponent.cpp in Sources */,
				D2A1180916FCD7E300FAD80F /* NKMIME.cpp in Sources */,
				D2A1180F16FD111800FAD80F /* NKPlatform.mm in Sources */,
				D2B09C79170238C9002EE020 /* NKError.cpp in Sources */,
				D2171B86170E4388002E1119 /* NKAddress.cpp in Sources */,
				D223BA3F1717338A000C2C44 /* NKWebSocket.cpp in Sources */,
				D2A1F7181883968900A84298 /* NKApplication.cpp in Sources */,
				D223BA4E1718C715000C2C44 /* NKTLS.cpp in Sources */,
				D223BA541718CFBB000C2C44 /* NKEndpoint.cpp in Sources */,
				D28BEE291739AEFB00BD7587 /* NKSHA1.cpp in Sources */,
				D28BEE2B1739AEFB00BD7587 /* NKUUID.cpp in Sources */,
				D2C33E7B177118BD00DAC202 /* NKNetworkInterface.cpp in Sources */,
				D2C33E7E17711DC000DAC202 /* NKNetworkInterface_Mac.mm in Sources */,
				D2C33E861771F30B00DAC202 /* NKLog.cpp in Sources */,
				D2C33E891771F31800DAC202 /* NKLog_Mac.mm in Sources */,
			);
			runOnlyForDeploymentPostprocessing = 0;
		};
		D23DF59415F6AFCD0027A8F1 /* Sources */ = {
			isa = PBXSourcesBuildPhase;
			buildActionMask = 2147483647;
			files = (
				D23DF59C15F6AFCD0027A8F1 /* main.cpp in Sources */,
				D29B901017A1933700CAE680 /* test_http.cpp in Sources */,
			);
			runOnlyForDeploymentPostprocessing = 0;
		};
		D26B0E9F16F7C652008379E0 /* Sources */ = {
			isa = PBXSourcesBuildPhase;
			buildActionMask = 2147483647;
			files = (
				D26B0EA916F7C744008379E0 /* NKBase64.cpp in Sources */,
				D26B0EB116F7C744008379E0 /* NKOAuth.cpp in Sources */,
				D26B0EB316F7C744008379E0 /* NKObject.cpp in Sources */,
				D26B0EB716F7C744008379E0 /* NKProxy.cpp in Sources */,
				D26B0EBB16F7C744008379E0 /* NKRunLoop_Mac.mm in Sources */,
				D26B0EBC16F7C744008379E0 /* NKSink.cpp in Sources */,
				D26B0EBF16F7C744008379E0 /* NKSocket.cpp in Sources */,
				D26B0EC116F7C744008379E0 /* NKSource.cpp in Sources */,
				D26B0EC516F7C744008379E0 /* NKUnicode.cpp in Sources */,
				D26B0EC716F7C744008379E0 /* NKURI.cpp in Sources */,
				D26B0ECB16F7C74C008379E0 /* NKDatabase_SQLite.cpp in Sources */,
				D26B0ECC16F7C754008379E0 /* NKHTTP.cpp in Sources */,
				D26B0ED016F7C75C008379E0 /* NKJSON.cpp in Sources */,
				D293E21F1880A44E00A59668 /* NKLDAP.cpp in Sources */,
				D2A1180816FCD7E300FAD80F /* NKComponent.cpp in Sources */,
				D2A1180A16FCD7E300FAD80F /* NKMIME.cpp in Sources */,
				D2A1181016FD111800FAD80F /* NKPlatform.mm in Sources */,
				D2B09C7A170238C9002EE020 /* NKError.cpp in Sources */,
				D2171B85170E4387002E1119 /* NKAddress.cpp in Sources */,
				D223BA401717338A000C2C44 /* NKWebSocket.cpp in Sources */,
				D2A1F7191883968900A84298 /* NKApplication.cpp in Sources */,
				D223BA4F1718C715000C2C44 /* NKTLS.cpp in Sources */,
				D223BA551718CFBB000C2C44 /* NKEndpoint.cpp in Sources */,
				D28BEE2A1739AEFB00BD7587 /* NKSHA1.cpp in Sources */,
				D28BEE2C1739AEFB00BD7587 /* NKUUID.cpp in Sources */,
				D2C33E7C177118BD00DAC202 /* NKNetworkInterface.cpp in Sources */,
				D2C33E7F17711DC000DAC202 /* NKNetworkInterface_Mac.mm in Sources */,
				D2C33E871771F30B00DAC202 /* NKLog.cpp in Sources */,
				D2C33E8A1771F31800DAC202 /* NKLog_Mac.mm in Sources */,
			);
			runOnlyForDeploymentPostprocessing = 0;
		};
		D26F04EF15FA5B6A003F7389 /* Sources */ = {
			isa = PBXSourcesBuildPhase;
			buildActionMask = 2147483647;
			files = (
				D26F050A15FA5BA5003F7389 /* UriCommon.c in Sources */,
				D26F050C15FA5BA5003F7389 /* UriCompare.c in Sources */,
				D26F050D15FA5BA5003F7389 /* UriEscape.c in Sources */,
				D26F050E15FA5BA5003F7389 /* UriFile.c in Sources */,
				D26F050F15FA5BA5003F7389 /* UriIp4.c in Sources */,
				D26F051015FA5BA5003F7389 /* UriIp4Base.c in Sources */,
				D26F051215FA5BA5003F7389 /* UriNormalize.c in Sources */,
				D26F051315FA5BA5003F7389 /* UriNormalizeBase.c in Sources */,
				D26F051515FA5BA5003F7389 /* UriParse.c in Sources */,
				D26F051615FA5BA5003F7389 /* UriParseBase.c in Sources */,
				D26F051815FA5BA5003F7389 /* UriQuery.c in Sources */,
				D26F051915FA5BA5003F7389 /* UriRecompose.c in Sources */,
				D26F051A15FA5BA5003F7389 /* UriResolve.c in Sources */,
				D26F051B15FA5BA5003F7389 /* UriShorten.c in Sources */,
			);
			runOnlyForDeploymentPostprocessing = 0;
		};
		D2740F2C15FBA83E00589649 /* Sources */ = {
			isa = PBXSourcesBuildPhase;
			buildActionMask = 2147483647;
			files = (
				D2740F3715FBA85A00589649 /* http_parser.c in Sources */,
			);
			runOnlyForDeploymentPostprocessing = 0;
		};
/* End PBXSourcesBuildPhase section */

/* Begin PBXTargetDependency section */
		D2365E3215FD909B000B6EE3 /* PBXTargetDependency */ = {
			isa = PBXTargetDependency;
			target = D26F04F215FA5B6A003F7389 /* uriparser */;
			targetProxy = D2365E3115FD909B000B6EE3 /* PBXContainerItemProxy */;
		};
		D2365E3415FD909E000B6EE3 /* PBXTargetDependency */ = {
			isa = PBXTargetDependency;
			target = D2740F2F15FBA83E00589649 /* http-parser */;
			targetProxy = D2365E3315FD909E000B6EE3 /* PBXContainerItemProxy */;
		};
		D23DF5B215F6B10A0027A8F1 /* PBXTargetDependency */ = {
			isa = PBXTargetDependency;
			target = D23DF52515F698390027A8F1 /* NetKit Framework */;
			targetProxy = D23DF5B115F6B10A0027A8F1 /* PBXContainerItemProxy */;
		};
		D293E2101880753300A59668 /* PBXTargetDependency */ = {
			isa = PBXTargetDependency;
			target = D2740F2F15FBA83E00589649 /* http-parser */;
			targetProxy = D293E20F1880753300A59668 /* PBXContainerItemProxy */;
		};
		D293E2121880753500A59668 /* PBXTargetDependency */ = {
			isa = PBXTargetDependency;
			target = D26F04F215FA5B6A003F7389 /* uriparser */;
			targetProxy = D293E2111880753500A59668 /* PBXContainerItemProxy */;
		};
/* End PBXTargetDependency section */

/* Begin PBXVariantGroup section */
		D23DF53215F698390027A8F1 /* InfoPlist.strings */ = {
			isa = PBXVariantGroup;
			children = (
				D23DF53315F698390027A8F1 /* en */,
			);
			name = InfoPlist.strings;
			sourceTree = "<group>";
		};
/* End PBXVariantGroup section */

/* Begin XCBuildConfiguration section */
		D23DF53915F698390027A8F1 /* Debug */ = {
			isa = XCBuildConfiguration;
			buildSettings = {
				ALWAYS_SEARCH_USER_PATHS = NO;
				ARCHS = "$(ARCHS_STANDARD_64_BIT)";
				CLANG_CXX_LANGUAGE_STANDARD = "gnu++0x";
				CLANG_WARN__DUPLICATE_METHOD_MATCH = YES;
				COPY_PHASE_STRIP = NO;
				GCC_C_LANGUAGE_STANDARD = gnu99;
				GCC_DYNAMIC_NO_PIC = NO;
				GCC_ENABLE_OBJC_EXCEPTIONS = YES;
				GCC_OPTIMIZATION_LEVEL = 0;
				GCC_PREPROCESSOR_DEFINITIONS = (
					"DEBUG=1",
					"$(inherited)",
				);
				GCC_SYMBOLS_PRIVATE_EXTERN = NO;
				GCC_WARN_64_TO_32_BIT_CONVERSION = YES;
				GCC_WARN_ABOUT_RETURN_TYPE = YES;
				GCC_WARN_UNINITIALIZED_AUTOS = YES;
				GCC_WARN_UNUSED_VARIABLE = YES;
				MACOSX_DEPLOYMENT_TARGET = 10.7;
				ONLY_ACTIVE_ARCH = YES;
				SDKROOT = macosx10.7;
			};
			name = Debug;
		};
		D23DF53A15F698390027A8F1 /* Release */ = {
			isa = XCBuildConfiguration;
			buildSettings = {
				ALWAYS_SEARCH_USER_PATHS = NO;
				ARCHS = "$(ARCHS_STANDARD_64_BIT)";
				CLANG_CXX_LANGUAGE_STANDARD = "gnu++0x";
				CLANG_WARN__DUPLICATE_METHOD_MATCH = YES;
				COPY_PHASE_STRIP = YES;
				DEBUG_INFORMATION_FORMAT = "dwarf-with-dsym";
				GCC_C_LANGUAGE_STANDARD = gnu99;
				GCC_ENABLE_OBJC_EXCEPTIONS = YES;
				GCC_WARN_64_TO_32_BIT_CONVERSION = YES;
				GCC_WARN_ABOUT_RETURN_TYPE = YES;
				GCC_WARN_UNINITIALIZED_AUTOS = YES;
				GCC_WARN_UNUSED_VARIABLE = YES;
				MACOSX_DEPLOYMENT_TARGET = 10.7;
				SDKROOT = macosx10.7;
			};
			name = Release;
		};
		D23DF53C15F698390027A8F1 /* Debug */ = {
			isa = XCBuildConfiguration;
			buildSettings = {
				ALWAYS_SEARCH_USER_PATHS = NO;
				ARCHS = "$(ARCHS_STANDARD_32_64_BIT)";
				CLANG_CXX_LANGUAGE_STANDARD = "c++0x";
				CLANG_CXX_LIBRARY = "libc++";
				COMBINE_HIDPI_IMAGES = YES;
				DEPLOYMENT_LOCATION = NO;
				DYLIB_COMPATIBILITY_VERSION = 1;
				DYLIB_CURRENT_VERSION = 1;
				FRAMEWORK_VERSION = A;
				GCC_PRECOMPILE_PREFIX_HEADER = NO;
				GCC_PREFIX_HEADER = "";
				HEADER_SEARCH_PATHS = (
					./include,
					"./ThirdParty/http-parser",
					./ThirdParty/uriparser/include,
				);
				INFOPLIST_FILE = Info.plist;
				INSTALL_PATH = /Library/Frameworks;
				LIBRARY_SEARCH_PATHS = (
					"$(inherited)",
					"\"$(SRCROOT)/../../Downloads/openssl-1.0.1e\"",
				);
				MACOSX_DEPLOYMENT_TARGET = 10.7;
				PRODUCT_NAME = NetKit;
				SDKROOT = macosx10.8;
				WRAPPER_EXTENSION = framework;
			};
			name = Debug;
		};
		D23DF53D15F698390027A8F1 /* Release */ = {
			isa = XCBuildConfiguration;
			buildSettings = {
				ALWAYS_SEARCH_USER_PATHS = NO;
				ARCHS = "$(ARCHS_STANDARD_32_64_BIT)";
				CLANG_CXX_LANGUAGE_STANDARD = "c++0x";
				CLANG_CXX_LIBRARY = "libc++";
				COMBINE_HIDPI_IMAGES = YES;
				DEPLOYMENT_LOCATION = NO;
				DYLIB_COMPATIBILITY_VERSION = 1;
				DYLIB_CURRENT_VERSION = 1;
				FRAMEWORK_VERSION = A;
				GCC_PRECOMPILE_PREFIX_HEADER = NO;
				GCC_PREFIX_HEADER = "";
				HEADER_SEARCH_PATHS = (
					./include,
					"./ThirdParty/http-parser",
					./ThirdParty/uriparser/include,
				);
				INFOPLIST_FILE = Info.plist;
				INSTALL_PATH = /Library/Frameworks;
				LIBRARY_SEARCH_PATHS = (
					"$(inherited)",
					"\"$(SRCROOT)/../../Downloads/openssl-1.0.1e\"",
				);
				MACOSX_DEPLOYMENT_TARGET = 10.7;
				PRODUCT_NAME = NetKit;
				SDKROOT = macosx10.8;
				WRAPPER_EXTENSION = framework;
			};
			name = Release;
		};
		D23DF5A015F6AFCD0027A8F1 /* Debug */ = {
			isa = XCBuildConfiguration;
			buildSettings = {
				CLANG_CXX_LANGUAGE_STANDARD = "c++0x";
				CLANG_CXX_LIBRARY = "libc++";
				HEADER_SEARCH_PATHS = (
					"/usr/lib/c++/v1",
					./,
				);
				MACOSX_DEPLOYMENT_TARGET = 10.7;
				PRODUCT_NAME = "$(TARGET_NAME)";
				SDKROOT = macosx10.8;
			};
			name = Debug;
		};
		D23DF5A115F6AFCD0027A8F1 /* Release */ = {
			isa = XCBuildConfiguration;
			buildSettings = {
				CLANG_CXX_LANGUAGE_STANDARD = "c++0x";
				CLANG_CXX_LIBRARY = "libc++";
				HEADER_SEARCH_PATHS = (
					"/usr/lib/c++/v1",
					./,
				);
				MACOSX_DEPLOYMENT_TARGET = 10.7;
				PRODUCT_NAME = "$(TARGET_NAME)";
				SDKROOT = macosx10.8;
			};
			name = Release;
		};
		D26B0EA516F7C652008379E0 /* Debug */ = {
			isa = XCBuildConfiguration;
			buildSettings = {
				ARCHS = "$(ARCHS_STANDARD_32_64_BIT)";
				CLANG_CXX_LANGUAGE_STANDARD = "c++0x";
				CLANG_CXX_LIBRARY = "libc++";
				CLANG_WARN_CONSTANT_CONVERSION = YES;
				CLANG_WARN_EMPTY_BODY = YES;
				CLANG_WARN_ENUM_CONVERSION = YES;
				CLANG_WARN_INT_CONVERSION = YES;
				EXECUTABLE_PREFIX = lib;
				HEADER_SEARCH_PATHS = (
					"$(PROJECT_DIR)/include",
					"$(PROJECT_DIR)/ThirdParty/http-parser",
					"$(PROJECT_DIR)/ThirdParty/uriparser/include",
				);
				MACOSX_DEPLOYMENT_TARGET = 10.7;
				PRODUCT_NAME = NetKit;
				SDKROOT = macosx10.8;
			};
			name = Debug;
		};
		D26B0EA616F7C652008379E0 /* Release */ = {
			isa = XCBuildConfiguration;
			buildSettings = {
				ARCHS = "$(ARCHS_STANDARD_32_64_BIT)";
				CLANG_CXX_LANGUAGE_STANDARD = "c++0x";
				CLANG_CXX_LIBRARY = "libc++";
				CLANG_WARN_CONSTANT_CONVERSION = YES;
				CLANG_WARN_EMPTY_BODY = YES;
				CLANG_WARN_ENUM_CONVERSION = YES;
				CLANG_WARN_INT_CONVERSION = YES;
				EXECUTABLE_PREFIX = lib;
				HEADER_SEARCH_PATHS = (
					"$(PROJECT_DIR)/include",
					"$(PROJECT_DIR)/ThirdParty/http-parser",
					"$(PROJECT_DIR)/ThirdParty/uriparser/include",
				);
				MACOSX_DEPLOYMENT_TARGET = 10.7;
				PRODUCT_NAME = NetKit;
				SDKROOT = macosx10.8;
			};
			name = Release;
		};
		D26F04F515FA5B6B003F7389 /* Debug */ = {
			isa = XCBuildConfiguration;
			buildSettings = {
				CLANG_CXX_LANGUAGE_STANDARD = "c++0x";
				CLANG_CXX_LIBRARY = "libc++";
				EXECUTABLE_PREFIX = lib;
				HEADER_SEARCH_PATHS = ./ThirdParty/uriparser/include;
				MACOSX_DEPLOYMENT_TARGET = 10.7;
				PRODUCT_NAME = "$(TARGET_NAME)";
				SDKROOT = macosx10.8;
			};
			name = Debug;
		};
		D26F04F615FA5B6B003F7389 /* Release */ = {
			isa = XCBuildConfiguration;
			buildSettings = {
				CLANG_CXX_LANGUAGE_STANDARD = "c++0x";
				CLANG_CXX_LIBRARY = "libc++";
				EXECUTABLE_PREFIX = lib;
				HEADER_SEARCH_PATHS = ./ThirdParty/uriparser/include;
				MACOSX_DEPLOYMENT_TARGET = 10.7;
				PRODUCT_NAME = "$(TARGET_NAME)";
				SDKROOT = macosx10.8;
			};
			name = Release;
		};
		D2740F3215FBA83E00589649 /* Debug */ = {
			isa = XCBuildConfiguration;
			buildSettings = {
				CLANG_CXX_LANGUAGE_STANDARD = "c++0x";
				CLANG_CXX_LIBRARY = "libc++";
				EXECUTABLE_PREFIX = lib;
				MACOSX_DEPLOYMENT_TARGET = 10.7;
				PRODUCT_NAME = "$(TARGET_NAME)";
				SDKROOT = macosx10.8;
			};
			name = Debug;
		};
		D2740F3315FBA83E00589649 /* Release */ = {
			isa = XCBuildConfiguration;
			buildSettings = {
				CLANG_CXX_LANGUAGE_STANDARD = "c++0x";
				CLANG_CXX_LIBRARY = "libc++";
				EXECUTABLE_PREFIX = lib;
				MACOSX_DEPLOYMENT_TARGET = 10.7;
				PRODUCT_NAME = "$(TARGET_NAME)";
				SDKROOT = macosx10.8;
			};
			name = Release;
		};
/* End XCBuildConfiguration section */

/* Begin XCConfigurationList section */
		D23DF51F15F698390027A8F1 /* Build configuration list for PBXProject "NetKit" */ = {
			isa = XCConfigurationList;
			buildConfigurations = (
				D23DF53915F698390027A8F1 /* Debug */,
				D23DF53A15F698390027A8F1 /* Release */,
			);
			defaultConfigurationIsVisible = 0;
			defaultConfigurationName = Release;
		};
		D23DF53B15F698390027A8F1 /* Build configuration list for PBXNativeTarget "NetKit Framework" */ = {
			isa = XCConfigurationList;
			buildConfigurations = (
				D23DF53C15F698390027A8F1 /* Debug */,
				D23DF53D15F698390027A8F1 /* Release */,
			);
			defaultConfigurationIsVisible = 0;
			defaultConfigurationName = Release;
		};
		D23DF59F15F6AFCD0027A8F1 /* Build configuration list for PBXNativeTarget "UnitTests" */ = {
			isa = XCConfigurationList;
			buildConfigurations = (
				D23DF5A015F6AFCD0027A8F1 /* Debug */,
				D23DF5A115F6AFCD0027A8F1 /* Release */,
			);
			defaultConfigurationIsVisible = 0;
			defaultConfigurationName = Release;
		};
		D26B0EA416F7C652008379E0 /* Build configuration list for PBXNativeTarget "NetKit Static Library" */ = {
			isa = XCConfigurationList;
			buildConfigurations = (
				D26B0EA516F7C652008379E0 /* Debug */,
				D26B0EA616F7C652008379E0 /* Release */,
			);
			defaultConfigurationIsVisible = 0;
			defaultConfigurationName = Release;
		};
		D26F04F415FA5B6B003F7389 /* Build configuration list for PBXNativeTarget "uriparser" */ = {
			isa = XCConfigurationList;
			buildConfigurations = (
				D26F04F515FA5B6B003F7389 /* Debug */,
				D26F04F615FA5B6B003F7389 /* Release */,
			);
			defaultConfigurationIsVisible = 0;
			defaultConfigurationName = Release;
		};
		D2740F3115FBA83E00589649 /* Build configuration list for PBXNativeTarget "http-parser" */ = {
			isa = XCConfigurationList;
			buildConfigurations = (
				D2740F3215FBA83E00589649 /* Debug */,
				D2740F3315FBA83E00589649 /* Release */,
			);
			defaultConfigurationIsVisible = 0;
			defaultConfigurationName = Release;
		};
/* End XCConfigurationList section */
	};
	rootObject = D23DF51C15F698390027A8F1 /* Project object */;
}
